// !$*UTF8*$!
{
	archiveVersion = 1;
	classes = {
	};
	objectVersion = 56;
	objects = {

/* Begin PBXBuildFile section */
		43415A9C2B060D19002541AB /* Reservation.swift in Sources */ = {isa = PBXBuildFile; fileRef = 43415A9B2B060D19002541AB /* Reservation.swift */; };
		43667BC92AFEACBA006917C5 /* ReservationApp.swift in Sources */ = {isa = PBXBuildFile; fileRef = 43667BC82AFEACBA006917C5 /* ReservationApp.swift */; };
		43667BCB2AFEACBA006917C5 /* ContentView.swift in Sources */ = {isa = PBXBuildFile; fileRef = 43667BCA2AFEACBA006917C5 /* ContentView.swift */; };
		43667BCD2AFEACBB006917C5 /* Assets.xcassets in Resources */ = {isa = PBXBuildFile; fileRef = 43667BCC2AFEACBB006917C5 /* Assets.xcassets */; };
		43667BD02AFEACBB006917C5 /* Preview Assets.xcassets in Resources */ = {isa = PBXBuildFile; fileRef = 43667BCF2AFEACBB006917C5 /* Preview Assets.xcassets */; };
		43667BDA2AFEACBB006917C5 /* ReservationTests.swift in Sources */ = {isa = PBXBuildFile; fileRef = 43667BD92AFEACBB006917C5 /* ReservationTests.swift */; };
		43667BE42AFEACBB006917C5 /* ReservationUITests.swift in Sources */ = {isa = PBXBuildFile; fileRef = 43667BE32AFEACBB006917C5 /* ReservationUITests.swift */; };
		43667BE62AFEACBB006917C5 /* ReservationUITestsLaunchTests.swift in Sources */ = {isa = PBXBuildFile; fileRef = 43667BE52AFEACBB006917C5 /* ReservationUITestsLaunchTests.swift */; };
/* End PBXBuildFile section */

/* Begin PBXContainerItemProxy section */
		43667BD62AFEACBB006917C5 /* PBXContainerItemProxy */ = {
			isa = PBXContainerItemProxy;
			containerPortal = 43667BBD2AFEACBA006917C5 /* Project object */;
			proxyType = 1;
			remoteGlobalIDString = 43667BC42AFEACBA006917C5;
			remoteInfo = Reservation;
		};
		43667BE02AFEACBB006917C5 /* PBXContainerItemProxy */ = {
			isa = PBXContainerItemProxy;
			containerPortal = 43667BBD2AFEACBA006917C5 /* Project object */;
			proxyType = 1;
			remoteGlobalIDString = 43667BC42AFEACBA006917C5;
			remoteInfo = Reservation;
		};
/* End PBXContainerItemProxy section */

/* Begin PBXFileReference section */
		43415A9B2B060D19002541AB /* Reservation.swift */ = {isa = PBXFileReference; lastKnownFileType = sourcecode.swift; path = Reservation.swift; sourceTree = "<group>"; };
		43667BC52AFEACBA006917C5 /* Reservation.app */ = {isa = PBXFileReference; explicitFileType = wrapper.application; includeInIndex = 0; path = Reservation.app; sourceTree = BUILT_PRODUCTS_DIR; };
		43667BC82AFEACBA006917C5 /* ReservationApp.swift */ = {isa = PBXFileReference; lastKnownFileType = sourcecode.swift; path = ReservationApp.swift; sourceTree = "<group>"; };
		43667BCA2AFEACBA006917C5 /* ContentView.swift */ = {isa = PBXFileReference; lastKnownFileType = sourcecode.swift; path = ContentView.swift; sourceTree = "<group>"; };
		43667BCC2AFEACBB006917C5 /* Assets.xcassets */ = {isa = PBXFileReference; lastKnownFileType = folder.assetcatalog; path = Assets.xcassets; sourceTree = "<group>"; };
		43667BCF2AFEACBB006917C5 /* Preview Assets.xcassets */ = {isa = PBXFileReference; lastKnownFileType = folder.assetcatalog; path = "Preview Assets.xcassets"; sourceTree = "<group>"; };
		43667BD52AFEACBB006917C5 /* ReservationTests.xctest */ = {isa = PBXFileReference; explicitFileType = wrapper.cfbundle; includeInIndex = 0; path = ReservationTests.xctest; sourceTree = BUILT_PRODUCTS_DIR; };
		43667BD92AFEACBB006917C5 /* ReservationTests.swift */ = {isa = PBXFileReference; lastKnownFileType = sourcecode.swift; path = ReservationTests.swift; sourceTree = "<group>"; };
		43667BDF2AFEACBB006917C5 /* ReservationUITests.xctest */ = {isa = PBXFileReference; explicitFileType = wrapper.cfbundle; includeInIndex = 0; path = ReservationUITests.xctest; sourceTree = BUILT_PRODUCTS_DIR; };
		43667BE32AFEACBB006917C5 /* ReservationUITests.swift */ = {isa = PBXFileReference; lastKnownFileType = sourcecode.swift; path = ReservationUITests.swift; sourceTree = "<group>"; };
		43667BE52AFEACBB006917C5 /* ReservationUITestsLaunchTests.swift */ = {isa = PBXFileReference; lastKnownFileType = sourcecode.swift; path = ReservationUITestsLaunchTests.swift; sourceTree = "<group>"; };
/* End PBXFileReference section */

/* Begin PBXFrameworksBuildPhase section */
		43667BC22AFEACBA006917C5 /* Frameworks */ = {
			isa = PBXFrameworksBuildPhase;
			buildActionMask = 2147483647;
			files = (
			);
			runOnlyForDeploymentPostprocessing = 0;
		};
		43667BD22AFEACBB006917C5 /* Frameworks */ = {
			isa = PBXFrameworksBuildPhase;
			buildActionMask = 2147483647;
			files = (
			);
			runOnlyForDeploymentPostprocessing = 0;
		};
		43667BDC2AFEACBB006917C5 /* Frameworks */ = {
			isa = PBXFrameworksBuildPhase;
			buildActionMask = 2147483647;
			files = (
			);
			runOnlyForDeploymentPostprocessing = 0;
		};
/* End PBXFrameworksBuildPhase section */

/* Begin PBXGroup section */
		43415A9A2B060D09002541AB /* model */ = {
			isa = PBXGroup;
			children = (
				43415A9B2B060D19002541AB /* Reservation.swift */,
			);
			path = model;
			sourceTree = "<group>";
		};
		43415A9D2B060D59002541AB /* view */ = {
			isa = PBXGroup;
			children = (
				43667BCA2AFEACBA006917C5 /* ContentView.swift */,
				43667BC82AFEACBA006917C5 /* ReservationApp.swift */,
			);
			path = view;
			sourceTree = "<group>";
		};
		43667BBC2AFEACB9006917C5 = {
			isa = PBXGroup;
			children = (
				43667BC72AFEACBA006917C5 /* Reservation */,
				43667BD82AFEACBB006917C5 /* ReservationTests */,
				43667BE22AFEACBB006917C5 /* ReservationUITests */,
				43667BC62AFEACBA006917C5 /* Products */,
			);
			sourceTree = "<group>";
		};
		43667BC62AFEACBA006917C5 /* Products */ = {
			isa = PBXGroup;
			children = (
				43667BC52AFEACBA006917C5 /* Reservation.app */,
				43667BD52AFEACBB006917C5 /* ReservationTests.xctest */,
				43667BDF2AFEACBB006917C5 /* ReservationUITests.xctest */,
			);
			name = Products;
			sourceTree = "<group>";
		};
		43667BC72AFEACBA006917C5 /* Reservation */ = {
			isa = PBXGroup;
			children = (
				43415A9D2B060D59002541AB /* view */,
				43415A9A2B060D09002541AB /* model */,
				43667BCC2AFEACBB006917C5 /* Assets.xcassets */,
				43667BCE2AFEACBB006917C5 /* Preview Content */,
			);
			path = Reservation;
			sourceTree = "<group>";
		};
		43667BCE2AFEACBB006917C5 /* Preview Content */ = {
			isa = PBXGroup;
			children = (
				43667BCF2AFEACBB006917C5 /* Preview Assets.xcassets */,
			);
			path = "Preview Content";
			sourceTree = "<group>";
		};
		43667BD82AFEACBB006917C5 /* ReservationTests */ = {
			isa = PBXGroup;
			children = (
				43667BD92AFEACBB006917C5 /* ReservationTests.swift */,
			);
			path = ReservationTests;
			sourceTree = "<group>";
		};
		43667BE22AFEACBB006917C5 /* ReservationUITests */ = {
			isa = PBXGroup;
			children = (
				43667BE32AFEACBB006917C5 /* ReservationUITests.swift */,
				43667BE52AFEACBB006917C5 /* ReservationUITestsLaunchTests.swift */,
			);
			path = ReservationUITests;
			sourceTree = "<group>";
		};
/* End PBXGroup section */

/* Begin PBXNativeTarget section */
		43667BC42AFEACBA006917C5 /* Reservation */ = {
			isa = PBXNativeTarget;
			buildConfigurationList = 43667BE92AFEACBB006917C5 /* Build configuration list for PBXNativeTarget "Reservation" */;
			buildPhases = (
				43667BC12AFEACBA006917C5 /* Sources */,
				43667BC22AFEACBA006917C5 /* Frameworks */,
				43667BC32AFEACBA006917C5 /* Resources */,
			);
			buildRules = (
			);
			dependencies = (
			);
			name = Reservation;
			productName = Reservation;
			productReference = 43667BC52AFEACBA006917C5 /* Reservation.app */;
			productType = "com.apple.product-type.application";
		};
		43667BD42AFEACBB006917C5 /* ReservationTests */ = {
			isa = PBXNativeTarget;
			buildConfigurationList = 43667BEC2AFEACBB006917C5 /* Build configuration list for PBXNativeTarget "ReservationTests" */;
			buildPhases = (
				43667BD12AFEACBB006917C5 /* Sources */,
				43667BD22AFEACBB006917C5 /* Frameworks */,
				43667BD32AFEACBB006917C5 /* Resources */,
			);
			buildRules = (
			);
			dependencies = (
				43667BD72AFEACBB006917C5 /* PBXTargetDependency */,
			);
			name = ReservationTests;
			productName = ReservationTests;
			productReference = 43667BD52AFEACBB006917C5 /* ReservationTests.xctest */;
			productType = "com.apple.product-type.bundle.unit-test";
		};
		43667BDE2AFEACBB006917C5 /* ReservationUITests */ = {
			isa = PBXNativeTarget;
			buildConfigurationList = 43667BEF2AFEACBB006917C5 /* Build configuration list for PBXNativeTarget "ReservationUITests" */;
			buildPhases = (
				43667BDB2AFEACBB006917C5 /* Sources */,
				43667BDC2AFEACBB006917C5 /* Frameworks */,
				43667BDD2AFEACBB006917C5 /* Resources */,
			);
			buildRules = (
			);
			dependencies = (
				43667BE12AFEACBB006917C5 /* PBXTargetDependency */,
			);
			name = ReservationUITests;
			productName = ReservationUITests;
			productReference = 43667BDF2AFEACBB006917C5 /* ReservationUITests.xctest */;
			productType = "com.apple.product-type.bundle.ui-testing";
		};
/* End PBXNativeTarget section */

/* Begin PBXProject section */
		43667BBD2AFEACBA006917C5 /* Project object */ = {
			isa = PBXProject;
			attributes = {
				BuildIndependentTargetsInParallel = 1;
				LastSwiftUpdateCheck = 1410;
				LastUpgradeCheck = 1410;
				TargetAttributes = {
					43667BC42AFEACBA006917C5 = {
						CreatedOnToolsVersion = 14.1;
					};
					43667BD42AFEACBB006917C5 = {
						CreatedOnToolsVersion = 14.1;
						TestTargetID = 43667BC42AFEACBA006917C5;
					};
					43667BDE2AFEACBB006917C5 = {
						CreatedOnToolsVersion = 14.1;
						TestTargetID = 43667BC42AFEACBA006917C5;
					};
				};
			};
			buildConfigurationList = 43667BC02AFEACBA006917C5 /* Build configuration list for PBXProject "Reservation" */;
			compatibilityVersion = "Xcode 14.0";
			developmentRegion = en;
			hasScannedForEncodings = 0;
			knownRegions = (
				en,
				Base,
			);
			mainGroup = 43667BBC2AFEACB9006917C5;
			productRefGroup = 43667BC62AFEACBA006917C5 /* Products */;
			projectDirPath = "";
			projectRoot = "";
			targets = (
				43667BC42AFEACBA006917C5 /* Reservation */,
				43667BD42AFEACBB006917C5 /* ReservationTests */,
				43667BDE2AFEACBB006917C5 /* ReservationUITests */,
			);
		};
/* End PBXProject section */

/* Begin PBXResourcesBuildPhase section */
		43667BC32AFEACBA006917C5 /* Resources */ = {
			isa = PBXResourcesBuildPhase;
			buildActionMask = 2147483647;
			files = (
				43667BD02AFEACBB006917C5 /* Preview Assets.xcassets in Resources */,
				43667BCD2AFEACBB006917C5 /* Assets.xcassets in Resources */,
			);
			runOnlyForDeploymentPostprocessing = 0;
		};
		43667BD32AFEACBB006917C5 /* Resources */ = {
			isa = PBXResourcesBuildPhase;
			buildActionMask = 2147483647;
			files = (
			);
			runOnlyForDeploymentPostprocessing = 0;
		};
		43667BDD2AFEACBB006917C5 /* Resources */ = {
			isa = PBXResourcesBuildPhase;
			buildActionMask = 2147483647;
			files = (
			);
			runOnlyForDeploymentPostprocessing = 0;
		};
/* End PBXResourcesBuildPhase section */

/* Begin PBXSourcesBuildPhase section */
		43667BC12AFEACBA006917C5 /* Sources */ = {
			isa = PBXSourcesBuildPhase;
			buildActionMask = 2147483647;
			files = (
				43667BCB2AFEACBA006917C5 /* ContentView.swift in Sources */,
				43415A9C2B060D19002541AB /* Reservation.swift in Sources */,
				43667BC92AFEACBA006917C5 /* ReservationApp.swift in Sources */,
			);
			runOnlyForDeploymentPostprocessing = 0;
		};
		43667BD12AFEACBB006917C5 /* Sources */ = {
			isa = PBXSourcesBuildPhase;
			buildActionMask = 2147483647;
			files = (
				43667BDA2AFEACBB006917C5 /* ReservationTests.swift in Sources */,
			);
			runOnlyForDeploymentPostprocessing = 0;
		};
		43667BDB2AFEACBB006917C5 /* Sources */ = {
			isa = PBXSourcesBuildPhase;
			buildActionMask = 2147483647;
			files = (
				43667BE42AFEACBB006917C5 /* ReservationUITests.swift in Sources */,
				43667BE62AFEACBB006917C5 /* ReservationUITestsLaunchTests.swift in Sources */,
			);
			runOnlyForDeploymentPostprocessing = 0;
		};
/* End PBXSourcesBuildPhase section */

/* Begin PBXTargetDependency section */
		43667BD72AFEACBB006917C5 /* PBXTargetDependency */ = {
			isa = PBXTargetDependency;
			target = 43667BC42AFEACBA006917C5 /* Reservation */;
			targetProxy = 43667BD62AFEACBB006917C5 /* PBXContainerItemProxy */;
		};
		43667BE12AFEACBB006917C5 /* PBXTargetDependency */ = {
			isa = PBXTargetDependency;
			target = 43667BC42AFEACBA006917C5 /* Reservation */;
			targetProxy = 43667BE02AFEACBB006917C5 /* PBXContainerItemProxy */;
		};
/* End PBXTargetDependency section */

/* Begin XCBuildConfiguration section */
		43667BE72AFEACBB006917C5 /* Debug */ = {
			isa = XCBuildConfiguration;
			buildSettings = {
				ALWAYS_SEARCH_USER_PATHS = NO;
				CLANG_ANALYZER_NONNULL = YES;
				CLANG_ANALYZER_NUMBER_OBJECT_CONVERSION = YES_AGGRESSIVE;
				CLANG_CXX_LANGUAGE_STANDARD = "gnu++20";
				CLANG_ENABLE_MODULES = YES;
				CLANG_ENABLE_OBJC_ARC = YES;
				CLANG_ENABLE_OBJC_WEAK = YES;
				CLANG_WARN_BLOCK_CAPTURE_AUTORELEASING = YES;
				CLANG_WARN_BOOL_CONVERSION = YES;
				CLANG_WARN_COMMA = YES;
				CLANG_WARN_CONSTANT_CONVERSION = YES;
				CLANG_WARN_DEPRECATED_OBJC_IMPLEMENTATIONS = YES;
				CLANG_WARN_DIRECT_OBJC_ISA_USAGE = YES_ERROR;
				CLANG_WARN_DOCUMENTATION_COMMENTS = YES;
				CLANG_WARN_EMPTY_BODY = YES;
				CLANG_WARN_ENUM_CONVERSION = YES;
				CLANG_WARN_INFINITE_RECURSION = YES;
				CLANG_WARN_INT_CONVERSION = YES;
				CLANG_WARN_NON_LITERAL_NULL_CONVERSION = YES;
				CLANG_WARN_OBJC_IMPLICIT_RETAIN_SELF = YES;
				CLANG_WARN_OBJC_LITERAL_CONVERSION = YES;
				CLANG_WARN_OBJC_ROOT_CLASS = YES_ERROR;
				CLANG_WARN_QUOTED_INCLUDE_IN_FRAMEWORK_HEADER = YES;
				CLANG_WARN_RANGE_LOOP_ANALYSIS = YES;
				CLANG_WARN_STRICT_PROTOTYPES = YES;
				CLANG_WARN_SUSPICIOUS_MOVE = YES;
				CLANG_WARN_UNGUARDED_AVAILABILITY = YES_AGGRESSIVE;
				CLANG_WARN_UNREACHABLE_CODE = YES;
				CLANG_WARN__DUPLICATE_METHOD_MATCH = YES;
				COPY_PHASE_STRIP = NO;
				DEBUG_INFORMATION_FORMAT = dwarf;
				ENABLE_STRICT_OBJC_MSGSEND = YES;
				ENABLE_TESTABILITY = YES;
				GCC_C_LANGUAGE_STANDARD = gnu11;
				GCC_DYNAMIC_NO_PIC = NO;
				GCC_NO_COMMON_BLOCKS = YES;
				GCC_OPTIMIZATION_LEVEL = 0;
				GCC_PREPROCESSOR_DEFINITIONS = (
					"DEBUG=1",
					"$(inherited)",
				);
				GCC_WARN_64_TO_32_BIT_CONVERSION = YES;
				GCC_WARN_ABOUT_RETURN_TYPE = YES_ERROR;
				GCC_WARN_UNDECLARED_SELECTOR = YES;
				GCC_WARN_UNINITIALIZED_AUTOS = YES_AGGRESSIVE;
				GCC_WARN_UNUSED_FUNCTION = YES;
				GCC_WARN_UNUSED_VARIABLE = YES;
				IPHONEOS_DEPLOYMENT_TARGET = 16.1;
				MTL_ENABLE_DEBUG_INFO = INCLUDE_SOURCE;
				MTL_FAST_MATH = YES;
				ONLY_ACTIVE_ARCH = YES;
				SDKROOT = iphoneos;
				SWIFT_ACTIVE_COMPILATION_CONDITIONS = DEBUG;
				SWIFT_OPTIMIZATION_LEVEL = "-Onone";
			};
			name = Debug;
		};
		43667BE82AFEACBB006917C5 /* Release */ = {
			isa = XCBuildConfiguration;
			buildSettings = {
				ALWAYS_SEARCH_USER_PATHS = NO;
				CLANG_ANALYZER_NONNULL = YES;
				CLANG_ANALYZER_NUMBER_OBJECT_CONVERSION = YES_AGGRESSIVE;
				CLANG_CXX_LANGUAGE_STANDARD = "gnu++20";
				CLANG_ENABLE_MODULES = YES;
				CLANG_ENABLE_OBJC_ARC = YES;
				CLANG_ENABLE_OBJC_WEAK = YES;
				CLANG_WARN_BLOCK_CAPTURE_AUTORELEASING = YES;
				CLANG_WARN_BOOL_CONVERSION = YES;
				CLANG_WARN_COMMA = YES;
				CLANG_WARN_CONSTANT_CONVERSION = YES;
				CLANG_WARN_DEPRECATED_OBJC_IMPLEMENTATIONS = YES;
				CLANG_WARN_DIRECT_OBJC_ISA_USAGE = YES_ERROR;
				CLANG_WARN_DOCUMENTATION_COMMENTS = YES;
				CLANG_WARN_EMPTY_BODY = YES;
				CLANG_WARN_ENUM_CONVERSION = YES;
				CLANG_WARN_INFINITE_RECURSION = YES;
				CLANG_WARN_INT_CONVERSION = YES;
				CLANG_WARN_NON_LITERAL_NULL_CONVERSION = YES;
				CLANG_WARN_OBJC_IMPLICIT_RETAIN_SELF = YES;
				CLANG_WARN_OBJC_LITERAL_CONVERSION = YES;
				CLANG_WARN_OBJC_ROOT_CLASS = YES_ERROR;
				CLANG_WARN_QUOTED_INCLUDE_IN_FRAMEWORK_HEADER = YES;
				CLANG_WARN_RANGE_LOOP_ANALYSIS = YES;
				CLANG_WARN_STRICT_PROTOTYPES = YES;
				CLANG_WARN_SUSPICIOUS_MOVE = YES;
				CLANG_WARN_UNGUARDED_AVAILABILITY = YES_AGGRESSIVE;
				CLANG_WARN_UNREACHABLE_CODE = YES;
				CLANG_WARN__DUPLICATE_METHOD_MATCH = YES;
				COPY_PHASE_STRIP = NO;
				DEBUG_INFORMATION_FORMAT = "dwarf-with-dsym";
				ENABLE_NS_ASSERTIONS = NO;
				ENABLE_STRICT_OBJC_MSGSEND = YES;
				GCC_C_LANGUAGE_STANDARD = gnu11;
				GCC_NO_COMMON_BLOCKS = YES;
				GCC_WARN_64_TO_32_BIT_CONVERSION = YES;
				GCC_WARN_ABOUT_RETURN_TYPE = YES_ERROR;
				GCC_WARN_UNDECLARED_SELECTOR = YES;
				GCC_WARN_UNINITIALIZED_AUTOS = YES_AGGRESSIVE;
				GCC_WARN_UNUSED_FUNCTION = YES;
				GCC_WARN_UNUSED_VARIABLE = YES;
				IPHONEOS_DEPLOYMENT_TARGET = 16.1;
				MTL_ENABLE_DEBUG_INFO = NO;
				MTL_FAST_MATH = YES;
				SDKROOT = iphoneos;
				SWIFT_COMPILATION_MODE = wholemodule;
				SWIFT_OPTIMIZATION_LEVEL = "-O";
				VALIDATE_PRODUCT = YES;
			};
			name = Release;
		};
		43667BEA2AFEACBB006917C5 /* Debug */ = {
			isa = XCBuildConfiguration;
			buildSettings = {
				ASSETCATALOG_COMPILER_APPICON_NAME = AppIcon;
				ASSETCATALOG_COMPILER_GLOBAL_ACCENT_COLOR_NAME = AccentColor;
				CODE_SIGN_STYLE = Automatic;
				CURRENT_PROJECT_VERSION = 1;
				DEVELOPMENT_ASSET_PATHS = "\"Reservation/Preview Content\"";
				ENABLE_PREVIEWS = YES;
				GENERATE_INFOPLIST_FILE = YES;
				INFOPLIST_KEY_UIApplicationSceneManifest_Generation = YES;
				INFOPLIST_KEY_UIApplicationSupportsIndirectInputEvents = YES;
				INFOPLIST_KEY_UILaunchScreen_Generation = YES;
				INFOPLIST_KEY_UISupportedInterfaceOrientations_iPad = "UIInterfaceOrientationPortrait UIInterfaceOrientationPortraitUpsideDown UIInterfaceOrientationLandscapeLeft UIInterfaceOrientationLandscapeRight";
				INFOPLIST_KEY_UISupportedInterfaceOrientations_iPhone = "UIInterfaceOrientationPortrait UIInterfaceOrientationLandscapeLeft UIInterfaceOrientationLandscapeRight";
				LD_RUNPATH_SEARCH_PATHS = (
					"$(inherited)",
					"@executable_path/Frameworks",
				);
				MARKETING_VERSION = 1.0;
				PRODUCT_BUNDLE_IDENTIFIER = esprit.tn.Reservation;
				PRODUCT_NAME = "$(TARGET_NAME)";
				SWIFT_EMIT_LOC_STRINGS = YES;
				SWIFT_VERSION = 5.0;
				TARGETED_DEVICE_FAMILY = "1,2";
			};
			name = Debug;
		};
		43667BEB2AFEACBB006917C5 /* Release */ = {
			isa = XCBuildConfiguration;
			buildSettings = {
				ASSETCATALOG_COMPILER_APPICON_NAME = AppIcon;
				ASSETCATALOG_COMPILER_GLOBAL_ACCENT_COLOR_NAME = AccentColor;
				CODE_SIGN_STYLE = Automatic;
				CURRENT_PROJECT_VERSION = 1;
				DEVELOPMENT_ASSET_PATHS = "\"Reservation/Preview Content\"";
				ENABLE_PREVIEWS = YES;
				GENERATE_INFOPLIST_FILE = YES;
				INFOPLIST_KEY_UIApplicationSceneManifest_Generation = YES;
				INFOPLIST_KEY_UIApplicationSupportsIndirectInputEvents = YES;
				INFOPLIST_KEY_UILaunchScreen_Generation = YES;
				INFOPLIST_KEY_UISupportedInterfaceOrientations_iPad = "UIInterfaceOrientationPortrait UIInterfaceOrientationPortraitUpsideDown UIInterfaceOrientationLandscapeLeft UIInterfaceOrientationLandscapeRight";
				INFOPLIST_KEY_UISupportedInterfaceOrientations_iPhone = "UIInterfaceOrientationPortrait UIInterfaceOrientationLandscapeLeft UIInterfaceOrientationLandscapeRight";
				LD_RUNPATH_SEARCH_PATHS = (
					"$(inherited)",
					"@executable_path/Frameworks",
				);
				MARKETING_VERSION = 1.0;
				PRODUCT_BUNDLE_IDENTIFIER = esprit.tn.Reservation;
				PRODUCT_NAME = "$(TARGET_NAME)";
				SWIFT_EMIT_LOC_STRINGS = YES;
				SWIFT_VERSION = 5.0;
				TARGETED_DEVICE_FAMILY = "1,2";
			};
			name = Release;
		};
		43667BED2AFEACBB006917C5 /* Debug */ = {
			isa = XCBuildConfiguration;
			buildSettings = {
				ALWAYS_EMBED_SWIFT_STANDARD_LIBRARIES = YES;
				BUNDLE_LOADER = "$(TEST_HOST)";
				CODE_SIGN_STYLE = Automatic;
				CURRENT_PROJECT_VERSION = 1;
				GENERATE_INFOPLIST_FILE = YES;
				IPHONEOS_DEPLOYMENT_TARGET = 16.1;
				MARKETING_VERSION = 1.0;
				PRODUCT_BUNDLE_IDENTIFIER = esprit.tn.ReservationTests;
				PRODUCT_NAME = "$(TARGET_NAME)";
				SWIFT_EMIT_LOC_STRINGS = NO;
				SWIFT_VERSION = 5.0;
				TARGETED_DEVICE_FAMILY = "1,2";
				TEST_HOST = "$(BUILT_PRODUCTS_DIR)/Reservation.app/$(BUNDLE_EXECUTABLE_FOLDER_PATH)/Reservation";
			};
			name = Debug;
		};
		43667BEE2AFEACBB006917C5 /* Release */ = {
			isa = XCBuildConfiguration;
			buildSettings = {
				ALWAYS_EMBED_SWIFT_STANDARD_LIBRARIES = YES;
				BUNDLE_LOADER = "$(TEST_HOST)";
				CODE_SIGN_STYLE = Automatic;
				CURRENT_PROJECT_VERSION = 1;
				GENERATE_INFOPLIST_FILE = YES;
				IPHONEOS_DEPLOYMENT_TARGET = 16.1;
				MARKETING_VERSION = 1.0;
				PRODUCT_BUNDLE_IDENTIFIER = esprit.tn.ReservationTests;
				PRODUCT_NAME = "$(TARGET_NAME)";
				SWIFT_EMIT_LOC_STRINGS = NO;
				SWIFT_VERSION = 5.0;
				TARGETED_DEVICE_FAMILY = "1,2";
				TEST_HOST = "$(BUILT_PRODUCTS_DIR)/Reservation.app/$(BUNDLE_EXECUTABLE_FOLDER_PATH)/Reservation";
			};
			name = Release;
		};
		43667BF02AFEACBB006917C5 /* Debug */ = {
			isa = XCBuildConfiguration;
			buildSettings = {
				ALWAYS_EMBED_SWIFT_STANDARD_LIBRARIES = YES;
				CODE_SIGN_STYLE = Automatic;
				CURRENT_PROJECT_VERSION = 1;
				GENERATE_INFOPLIST_FILE = YES;
				MARKETING_VERSION = 1.0;
				PRODUCT_BUNDLE_IDENTIFIER = esprit.tn.ReservationUITests;
				PRODUCT_NAME = "$(TARGET_NAME)";
				SWIFT_EMIT_LOC_STRINGS = NO;
				SWIFT_VERSION = 5.0;
				TARGETED_DEVICE_FAMILY = "1,2";
				TEST_TARGET_NAME = Reservation;
			};
			name = Debug;
		};
		43667BF12AFEACBB006917C5 /* Release */ = {
			isa = XCBuildConfiguration;
			buildSettings = {
				ALWAYS_EMBED_SWIFT_STANDARD_LIBRARIES = YES;
				CODE_SIGN_STYLE = Automatic;
				CURRENT_PROJECT_VERSION = 1;
				GENERATE_INFOPLIST_FILE = YES;
				MARKETING_VERSION = 1.0;
				PRODUCT_BUNDLE_IDENTIFIER = esprit.tn.ReservationUITests;
				PRODUCT_NAME = "$(TARGET_NAME)";
				SWIFT_EMIT_LOC_STRINGS = NO;
				SWIFT_VERSION = 5.0;
				TARGETED_DEVICE_FAMILY = "1,2";
				TEST_TARGET_NAME = Reservation;
			};
			name = Release;
		};
/* End XCBuildConfiguration section */

/* Begin XCConfigurationList section */
		43667BC02AFEACBA006917C5 /* Build configuration list for PBXProject "Reservation" */ = {
			isa = XCConfigurationList;
			buildConfigurations = (
				43667BE72AFEACBB006917C5 /* Debug */,
				43667BE82AFEACBB006917C5 /* Release */,
			);
			defaultConfigurationIsVisible = 0;
			defaultConfigurationName = Release;
		};
		43667BE92AFEACBB006917C5 /* Build configuration list for PBXNativeTarget "Reservation" */ = {
			isa = XCConfigurationList;
			buildConfigurations = (
				43667BEA2AFEACBB006917C5 /* Debug */,
				43667BEB2AFEACBB006917C5 /* Release */,
			);
			defaultConfigurationIsVisible = 0;
			defaultConfigurationName = Release;
		};
		43667BEC2AFEACBB006917C5 /* Build configuration list for PBXNativeTarget "ReservationTests" */ = {
			isa = XCConfigurationList;
			buildConfigurations = (
				43667BED2AFEACBB006917C5 /* Debug */,
				43667BEE2AFEACBB006917C5 /* Release */,
			);
			defaultConfigurationIsVisible = 0;
			defaultConfigurationName = Release;
		};
		43667BEF2AFEACBB006917C5 /* Build configuration list for PBXNativeTarget "ReservationUITests" */ = {
			isa = XCConfigurationList;
			buildConfigurations = (
				43667BF02AFEACBB006917C5 /* Debug */,
				43667BF12AFEACBB006917C5 /* Release */,
			);
			defaultConfigurationIsVisible = 0;
			defaultConfigurationName = Release;
		};
/* End XCConfigurationList section */
	};
	rootObject = 43667BBD2AFEACBA006917C5 /* Project object */;
}
