// !$*UTF8*$!
{
	archiveVersion = 1;
	classes = {
	};
	objectVersion = 56;
	objects = {

/* Begin PBXBuildFile section */
		C2634EAD2B0C417F008BEFB7 /* logementApp.swift in Sources */ = {isa = PBXBuildFile; fileRef = C2634EAC2B0C417F008BEFB7 /* logementApp.swift */; };
		C2634EAF2B0C417F008BEFB7 /* ContentView.swift in Sources */ = {isa = PBXBuildFile; fileRef = C2634EAE2B0C417F008BEFB7 /* ContentView.swift */; };
		C2634EB12B0C4180008BEFB7 /* Assets.xcassets in Resources */ = {isa = PBXBuildFile; fileRef = C2634EB02B0C4180008BEFB7 /* Assets.xcassets */; };
		C2634EB42B0C4180008BEFB7 /* Preview Assets.xcassets in Resources */ = {isa = PBXBuildFile; fileRef = C2634EB32B0C4180008BEFB7 /* Preview Assets.xcassets */; };
		C2634EB62B0C4180008BEFB7 /* Persistence.swift in Sources */ = {isa = PBXBuildFile; fileRef = C2634EB52B0C4180008BEFB7 /* Persistence.swift */; };
		C2634EB92B0C4180008BEFB7 /* logement.xcdatamodeld in Sources */ = {isa = PBXBuildFile; fileRef = C2634EB72B0C4180008BEFB7 /* logement.xcdatamodeld */; };
		C2634EC32B0C4180008BEFB7 /* logementTests.swift in Sources */ = {isa = PBXBuildFile; fileRef = C2634EC22B0C4180008BEFB7 /* logementTests.swift */; };
		C2634ECD2B0C4180008BEFB7 /* logementUITests.swift in Sources */ = {isa = PBXBuildFile; fileRef = C2634ECC2B0C4180008BEFB7 /* logementUITests.swift */; };
		C2634ECF2B0C4180008BEFB7 /* logementUITestsLaunchTests.swift in Sources */ = {isa = PBXBuildFile; fileRef = C2634ECE2B0C4180008BEFB7 /* logementUITestsLaunchTests.swift */; };
		C2634EDF2B0C4211008BEFB7 /* LogementView.swift in Sources */ = {isa = PBXBuildFile; fileRef = C2634EDE2B0C4211008BEFB7 /* LogementView.swift */; };
		C2634EE12B0C4274008BEFB7 /* LogementDetailView.swift in Sources */ = {isa = PBXBuildFile; fileRef = C2634EE02B0C4274008BEFB7 /* LogementDetailView.swift */; };
		C2634EE32B0C42AB008BEFB7 /* LogementEditView.swift in Sources */ = {isa = PBXBuildFile; fileRef = C2634EE22B0C42AB008BEFB7 /* LogementEditView.swift */; };
		C2634EE52B0C4327008BEFB7 /* CustomImagePicker.swift in Sources */ = {isa = PBXBuildFile; fileRef = C2634EE42B0C4327008BEFB7 /* CustomImagePicker.swift */; };
		C2634EEC2B0C5CDB008BEFB7 /* LogementService.swift in Sources */ = {isa = PBXBuildFile; fileRef = C2634EEB2B0C5CDB008BEFB7 /* LogementService.swift */; };
		C2634EEE2B0C5D3C008BEFB7 /* LogementViewModel.swift in Sources */ = {isa = PBXBuildFile; fileRef = C2634EED2B0C5D3C008BEFB7 /* LogementViewModel.swift */; };
		C2634EF22B0C5E38008BEFB7 /* Logement.swift in Sources */ = {isa = PBXBuildFile; fileRef = C2634EF12B0C5E38008BEFB7 /* Logement.swift */; };
		C2634EF42B0C5EAD008BEFB7 /* LogementListView.swift in Sources */ = {isa = PBXBuildFile; fileRef = C2634EF32B0C5EAD008BEFB7 /* LogementListView.swift */; };
		C29B09982B0D2A7500151571 /* ProfileView.swift in Sources */ = {isa = PBXBuildFile; fileRef = C29B09972B0D2A7500151571 /* ProfileView.swift */; };
		C29B099A2B0D2A9300151571 /* ReclameView.swift in Sources */ = {isa = PBXBuildFile; fileRef = C29B09992B0D2A9300151571 /* ReclameView.swift */; };
		C2B71CBA2B0C6D2D00378D76 /* SocialShareSheet.swift in Sources */ = {isa = PBXBuildFile; fileRef = C2B71CB92B0C6D2D00378D76 /* SocialShareSheet.swift */; };
		C2B71CBC2B0C709A00378D76 /* FilterLogementsView.swift in Sources */ = {isa = PBXBuildFile; fileRef = C2B71CBB2B0C709A00378D76 /* FilterLogementsView.swift */; };
/* End PBXBuildFile section */

/* Begin PBXContainerItemProxy section */
		C2634EBF2B0C4180008BEFB7 /* PBXContainerItemProxy */ = {
			isa = PBXContainerItemProxy;
			containerPortal = C2634EA12B0C417E008BEFB7 /* Project object */;
			proxyType = 1;
			remoteGlobalIDString = C2634EA82B0C417F008BEFB7;
			remoteInfo = logement;
		};
		C2634EC92B0C4180008BEFB7 /* PBXContainerItemProxy */ = {
			isa = PBXContainerItemProxy;
			containerPortal = C2634EA12B0C417E008BEFB7 /* Project object */;
			proxyType = 1;
			remoteGlobalIDString = C2634EA82B0C417F008BEFB7;
			remoteInfo = logement;
		};
/* End PBXContainerItemProxy section */

/* Begin PBXFileReference section */
		C2634EA92B0C417F008BEFB7 /* logement.app */ = {isa = PBXFileReference; explicitFileType = wrapper.application; includeInIndex = 0; path = logement.app; sourceTree = BUILT_PRODUCTS_DIR; };
		C2634EAC2B0C417F008BEFB7 /* logementApp.swift */ = {isa = PBXFileReference; lastKnownFileType = sourcecode.swift; path = logementApp.swift; sourceTree = "<group>"; };
		C2634EAE2B0C417F008BEFB7 /* ContentView.swift */ = {isa = PBXFileReference; lastKnownFileType = sourcecode.swift; path = ContentView.swift; sourceTree = "<group>"; };
		C2634EB02B0C4180008BEFB7 /* Assets.xcassets */ = {isa = PBXFileReference; lastKnownFileType = folder.assetcatalog; path = Assets.xcassets; sourceTree = "<group>"; };
		C2634EB32B0C4180008BEFB7 /* Preview Assets.xcassets */ = {isa = PBXFileReference; lastKnownFileType = folder.assetcatalog; path = "Preview Assets.xcassets"; sourceTree = "<group>"; };
		C2634EB52B0C4180008BEFB7 /* Persistence.swift */ = {isa = PBXFileReference; lastKnownFileType = sourcecode.swift; path = Persistence.swift; sourceTree = "<group>"; };
		C2634EB82B0C4180008BEFB7 /* logement.xcdatamodel */ = {isa = PBXFileReference; lastKnownFileType = wrapper.xcdatamodel; path = logement.xcdatamodel; sourceTree = "<group>"; };
		C2634EBE2B0C4180008BEFB7 /* logementTests.xctest */ = {isa = PBXFileReference; explicitFileType = wrapper.cfbundle; includeInIndex = 0; path = logementTests.xctest; sourceTree = BUILT_PRODUCTS_DIR; };
		C2634EC22B0C4180008BEFB7 /* logementTests.swift */ = {isa = PBXFileReference; lastKnownFileType = sourcecode.swift; path = logementTests.swift; sourceTree = "<group>"; };
		C2634EC82B0C4180008BEFB7 /* logementUITests.xctest */ = {isa = PBXFileReference; explicitFileType = wrapper.cfbundle; includeInIndex = 0; path = logementUITests.xctest; sourceTree = BUILT_PRODUCTS_DIR; };
		C2634ECC2B0C4180008BEFB7 /* logementUITests.swift */ = {isa = PBXFileReference; lastKnownFileType = sourcecode.swift; path = logementUITests.swift; sourceTree = "<group>"; };
		C2634ECE2B0C4180008BEFB7 /* logementUITestsLaunchTests.swift */ = {isa = PBXFileReference; lastKnownFileType = sourcecode.swift; path = logementUITestsLaunchTests.swift; sourceTree = "<group>"; };
		C2634EDE2B0C4211008BEFB7 /* LogementView.swift */ = {isa = PBXFileReference; lastKnownFileType = sourcecode.swift; path = LogementView.swift; sourceTree = "<group>"; };
		C2634EE02B0C4274008BEFB7 /* LogementDetailView.swift */ = {isa = PBXFileReference; lastKnownFileType = sourcecode.swift; path = LogementDetailView.swift; sourceTree = "<group>"; };
		C2634EE22B0C42AB008BEFB7 /* LogementEditView.swift */ = {isa = PBXFileReference; lastKnownFileType = sourcecode.swift; path = LogementEditView.swift; sourceTree = "<group>"; };
		C2634EE42B0C4327008BEFB7 /* CustomImagePicker.swift */ = {isa = PBXFileReference; lastKnownFileType = sourcecode.swift; path = CustomImagePicker.swift; sourceTree = "<group>"; };
		C2634EEB2B0C5CDB008BEFB7 /* LogementService.swift */ = {isa = PBXFileReference; lastKnownFileType = sourcecode.swift; path = LogementService.swift; sourceTree = "<group>"; };
		C2634EED2B0C5D3C008BEFB7 /* LogementViewModel.swift */ = {isa = PBXFileReference; lastKnownFileType = sourcecode.swift; path = LogementViewModel.swift; sourceTree = "<group>"; };
		C2634EF12B0C5E38008BEFB7 /* Logement.swift */ = {isa = PBXFileReference; lastKnownFileType = sourcecode.swift; path = Logement.swift; sourceTree = "<group>"; };
		C2634EF32B0C5EAD008BEFB7 /* LogementListView.swift */ = {isa = PBXFileReference; lastKnownFileType = sourcecode.swift; path = LogementListView.swift; sourceTree = "<group>"; };
		C29B09972B0D2A7500151571 /* ProfileView.swift */ = {isa = PBXFileReference; lastKnownFileType = sourcecode.swift; path = ProfileView.swift; sourceTree = "<group>"; };
		C29B09992B0D2A9300151571 /* ReclameView.swift */ = {isa = PBXFileReference; lastKnownFileType = sourcecode.swift; path = ReclameView.swift; sourceTree = "<group>"; };
		C2B71CB92B0C6D2D00378D76 /* SocialShareSheet.swift */ = {isa = PBXFileReference; lastKnownFileType = sourcecode.swift; path = SocialShareSheet.swift; sourceTree = "<group>"; };
		C2B71CBB2B0C709A00378D76 /* FilterLogementsView.swift */ = {isa = PBXFileReference; lastKnownFileType = sourcecode.swift; path = FilterLogementsView.swift; sourceTree = "<group>"; };
/* End PBXFileReference section */

/* Begin PBXFrameworksBuildPhase section */
		C2634EA62B0C417F008BEFB7 /* Frameworks */ = {
			isa = PBXFrameworksBuildPhase;
			buildActionMask = 2147483647;
			files = (
			);
			runOnlyForDeploymentPostprocessing = 0;
		};
		C2634EBB2B0C4180008BEFB7 /* Frameworks */ = {
			isa = PBXFrameworksBuildPhase;
			buildActionMask = 2147483647;
			files = (
			);
			runOnlyForDeploymentPostprocessing = 0;
		};
		C2634EC52B0C4180008BEFB7 /* Frameworks */ = {
			isa = PBXFrameworksBuildPhase;
			buildActionMask = 2147483647;
			files = (
			);
			runOnlyForDeploymentPostprocessing = 0;
		};
/* End PBXFrameworksBuildPhase section */

/* Begin PBXGroup section */
		C2634EA02B0C417E008BEFB7 = {
			isa = PBXGroup;
			children = (
				C2634EAB2B0C417F008BEFB7 /* logement */,
				C2634EC12B0C4180008BEFB7 /* logementTests */,
				C2634ECB2B0C4180008BEFB7 /* logementUITests */,
				C2634EAA2B0C417F008BEFB7 /* Products */,
			);
			sourceTree = "<group>";
		};
		C2634EAA2B0C417F008BEFB7 /* Products */ = {
			isa = PBXGroup;
			children = (
				C2634EA92B0C417F008BEFB7 /* logement.app */,
				C2634EBE2B0C4180008BEFB7 /* logementTests.xctest */,
				C2634EC82B0C4180008BEFB7 /* logementUITests.xctest */,
			);
			name = Products;
			sourceTree = "<group>";
		};
		C2634EAB2B0C417F008BEFB7 /* logement */ = {
			isa = PBXGroup;
			children = (
				C2634EEA2B0C5CB9008BEFB7 /* Service */,
				C2634EDD2B0C41E4008BEFB7 /* ViewModel */,
				C2634EDC2B0C41D8008BEFB7 /* Model */,
				C2634EDB2B0C41C9008BEFB7 /* Views */,
				C2634EAC2B0C417F008BEFB7 /* logementApp.swift */,
				C2634EAE2B0C417F008BEFB7 /* ContentView.swift */,
				C2634EB02B0C4180008BEFB7 /* Assets.xcassets */,
				C2634EB52B0C4180008BEFB7 /* Persistence.swift */,
				C2634EB72B0C4180008BEFB7 /* logement.xcdatamodeld */,
				C2634EB22B0C4180008BEFB7 /* Preview Content */,
			);
			path = logement;
			sourceTree = "<group>";
		};
		C2634EB22B0C4180008BEFB7 /* Preview Content */ = {
			isa = PBXGroup;
			children = (
				C2634EB32B0C4180008BEFB7 /* Preview Assets.xcassets */,
			);
			path = "Preview Content";
			sourceTree = "<group>";
		};
		C2634EC12B0C4180008BEFB7 /* logementTests */ = {
			isa = PBXGroup;
			children = (
				C2634EC22B0C4180008BEFB7 /* logementTests.swift */,
			);
			path = logementTests;
			sourceTree = "<group>";
		};
		C2634ECB2B0C4180008BEFB7 /* logementUITests */ = {
			isa = PBXGroup;
			children = (
				C2634ECC2B0C4180008BEFB7 /* logementUITests.swift */,
				C2634ECE2B0C4180008BEFB7 /* logementUITestsLaunchTests.swift */,
			);
			path = logementUITests;
			sourceTree = "<group>";
		};
		C2634EDB2B0C41C9008BEFB7 /* Views */ = {
			isa = PBXGroup;
			children = (
				C2634EDE2B0C4211008BEFB7 /* LogementView.swift */,
				C2634EE02B0C4274008BEFB7 /* LogementDetailView.swift */,
				C2634EE22B0C42AB008BEFB7 /* LogementEditView.swift */,
				C2634EE42B0C4327008BEFB7 /* CustomImagePicker.swift */,
				C2634EF32B0C5EAD008BEFB7 /* LogementListView.swift */,
				C2B71CB92B0C6D2D00378D76 /* SocialShareSheet.swift */,
				C2B71CBB2B0C709A00378D76 /* FilterLogementsView.swift */,
				C29B09972B0D2A7500151571 /* ProfileView.swift */,
				C29B09992B0D2A9300151571 /* ReclameView.swift */,
			);
			path = Views;
			sourceTree = "<group>";
		};
		C2634EDC2B0C41D8008BEFB7 /* Model */ = {
			isa = PBXGroup;
			children = (
				C2634EF12B0C5E38008BEFB7 /* Logement.swift */,
			);
			path = Model;
			sourceTree = "<group>";
		};
		C2634EDD2B0C41E4008BEFB7 /* ViewModel */ = {
			isa = PBXGroup;
			children = (
				C2634EED2B0C5D3C008BEFB7 /* LogementViewModel.swift */,
			);
			path = ViewModel;
			sourceTree = "<group>";
		};
		C2634EEA2B0C5CB9008BEFB7 /* Service */ = {
			isa = PBXGroup;
			children = (
				C2634EEB2B0C5CDB008BEFB7 /* LogementService.swift */,
			);
			path = Service;
			sourceTree = "<group>";
		};
/* End PBXGroup section */

/* Begin PBXNativeTarget section */
		C2634EA82B0C417F008BEFB7 /* logement */ = {
			isa = PBXNativeTarget;
			buildConfigurationList = C2634ED22B0C4180008BEFB7 /* Build configuration list for PBXNativeTarget "logement" */;
			buildPhases = (
				C2634EA52B0C417F008BEFB7 /* Sources */,
				C2634EA62B0C417F008BEFB7 /* Frameworks */,
				C2634EA72B0C417F008BEFB7 /* Resources */,
			);
			buildRules = (
			);
			dependencies = (
			);
			name = logement;
			productName = logement;
			productReference = C2634EA92B0C417F008BEFB7 /* logement.app */;
			productType = "com.apple.product-type.application";
		};
		C2634EBD2B0C4180008BEFB7 /* logementTests */ = {
			isa = PBXNativeTarget;
			buildConfigurationList = C2634ED52B0C4180008BEFB7 /* Build configuration list for PBXNativeTarget "logementTests" */;
			buildPhases = (
				C2634EBA2B0C4180008BEFB7 /* Sources */,
				C2634EBB2B0C4180008BEFB7 /* Frameworks */,
				C2634EBC2B0C4180008BEFB7 /* Resources */,
			);
			buildRules = (
			);
			dependencies = (
				C2634EC02B0C4180008BEFB7 /* PBXTargetDependency */,
			);
			name = logementTests;
			productName = logementTests;
			productReference = C2634EBE2B0C4180008BEFB7 /* logementTests.xctest */;
			productType = "com.apple.product-type.bundle.unit-test";
		};
		C2634EC72B0C4180008BEFB7 /* logementUITests */ = {
			isa = PBXNativeTarget;
			buildConfigurationList = C2634ED82B0C4180008BEFB7 /* Build configuration list for PBXNativeTarget "logementUITests" */;
			buildPhases = (
				C2634EC42B0C4180008BEFB7 /* Sources */,
				C2634EC52B0C4180008BEFB7 /* Frameworks */,
				C2634EC62B0C4180008BEFB7 /* Resources */,
			);
			buildRules = (
			);
			dependencies = (
				C2634ECA2B0C4180008BEFB7 /* PBXTargetDependency */,
			);
			name = logementUITests;
			productName = logementUITests;
			productReference = C2634EC82B0C4180008BEFB7 /* logementUITests.xctest */;
			productType = "com.apple.product-type.bundle.ui-testing";
		};
/* End PBXNativeTarget section */

/* Begin PBXProject section */
		C2634EA12B0C417E008BEFB7 /* Project object */ = {
			isa = PBXProject;
			attributes = {
				BuildIndependentTargetsInParallel = 1;
				LastSwiftUpdateCheck = 1410;
				LastUpgradeCheck = 1410;
				TargetAttributes = {
					C2634EA82B0C417F008BEFB7 = {
						CreatedOnToolsVersion = 14.1;
					};
					C2634EBD2B0C4180008BEFB7 = {
						CreatedOnToolsVersion = 14.1;
						TestTargetID = C2634EA82B0C417F008BEFB7;
					};
					C2634EC72B0C4180008BEFB7 = {
						CreatedOnToolsVersion = 14.1;
						TestTargetID = C2634EA82B0C417F008BEFB7;
					};
				};
			};
			buildConfigurationList = C2634EA42B0C417E008BEFB7 /* Build configuration list for PBXProject "logement" */;
			compatibilityVersion = "Xcode 14.0";
			developmentRegion = en;
			hasScannedForEncodings = 0;
			knownRegions = (
				en,
				Base,
			);
			mainGroup = C2634EA02B0C417E008BEFB7;
			productRefGroup = C2634EAA2B0C417F008BEFB7 /* Products */;
			projectDirPath = "";
			projectRoot = "";
			targets = (
				C2634EA82B0C417F008BEFB7 /* logement */,
				C2634EBD2B0C4180008BEFB7 /* logementTests */,
				C2634EC72B0C4180008BEFB7 /* logementUITests */,
			);
		};
/* End PBXProject section */

/* Begin PBXResourcesBuildPhase section */
		C2634EA72B0C417F008BEFB7 /* Resources */ = {
			isa = PBXResourcesBuildPhase;
			buildActionMask = 2147483647;
			files = (
				C2634EB42B0C4180008BEFB7 /* Preview Assets.xcassets in Resources */,
				C2634EB12B0C4180008BEFB7 /* Assets.xcassets in Resources */,
			);
			runOnlyForDeploymentPostprocessing = 0;
		};
		C2634EBC2B0C4180008BEFB7 /* Resources */ = {
			isa = PBXResourcesBuildPhase;
			buildActionMask = 2147483647;
			files = (
			);
			runOnlyForDeploymentPostprocessing = 0;
		};
		C2634EC62B0C4180008BEFB7 /* Resources */ = {
			isa = PBXResourcesBuildPhase;
			buildActionMask = 2147483647;
			files = (
			);
			runOnlyForDeploymentPostprocessing = 0;
		};
/* End PBXResourcesBuildPhase section */

/* Begin PBXSourcesBuildPhase section */
		C2634EA52B0C417F008BEFB7 /* Sources */ = {
			isa = PBXSourcesBuildPhase;
			buildActionMask = 2147483647;
			files = (
				C29B099A2B0D2A9300151571 /* ReclameView.swift in Sources */,
				C2634EF22B0C5E38008BEFB7 /* Logement.swift in Sources */,
				C2634EE12B0C4274008BEFB7 /* LogementDetailView.swift in Sources */,
				C2634EDF2B0C4211008BEFB7 /* LogementView.swift in Sources */,
				C2B71CBC2B0C709A00378D76 /* FilterLogementsView.swift in Sources */,
				C2634EF42B0C5EAD008BEFB7 /* LogementListView.swift in Sources */,
				C2634EE32B0C42AB008BEFB7 /* LogementEditView.swift in Sources */,
				C2634EB92B0C4180008BEFB7 /* logement.xcdatamodeld in Sources */,
				C29B09982B0D2A7500151571 /* ProfileView.swift in Sources */,
				C2634EEC2B0C5CDB008BEFB7 /* LogementService.swift in Sources */,
				C2B71CBA2B0C6D2D00378D76 /* SocialShareSheet.swift in Sources */,
				C2634EB62B0C4180008BEFB7 /* Persistence.swift in Sources */,
				C2634EAF2B0C417F008BEFB7 /* ContentView.swift in Sources */,
				C2634EEE2B0C5D3C008BEFB7 /* LogementViewModel.swift in Sources */,
				C2634EE52B0C4327008BEFB7 /* CustomImagePicker.swift in Sources */,
				C2634EAD2B0C417F008BEFB7 /* logementApp.swift in Sources */,
			);
			runOnlyForDeploymentPostprocessing = 0;
		};
		C2634EBA2B0C4180008BEFB7 /* Sources */ = {
			isa = PBXSourcesBuildPhase;
			buildActionMask = 2147483647;
			files = (
				C2634EC32B0C4180008BEFB7 /* logementTests.swift in Sources */,
			);
			runOnlyForDeploymentPostprocessing = 0;
		};
		C2634EC42B0C4180008BEFB7 /* Sources */ = {
			isa = PBXSourcesBuildPhase;
			buildActionMask = 2147483647;
			files = (
				C2634ECF2B0C4180008BEFB7 /* logementUITestsLaunchTests.swift in Sources */,
				C2634ECD2B0C4180008BEFB7 /* logementUITests.swift in Sources */,
			);
			runOnlyForDeploymentPostprocessing = 0;
		};
/* End PBXSourcesBuildPhase section */

/* Begin PBXTargetDependency section */
		C2634EC02B0C4180008BEFB7 /* PBXTargetDependency */ = {
			isa = PBXTargetDependency;
			target = C2634EA82B0C417F008BEFB7 /* logement */;
			targetProxy = C2634EBF2B0C4180008BEFB7 /* PBXContainerItemProxy */;
		};
		C2634ECA2B0C4180008BEFB7 /* PBXTargetDependency */ = {
			isa = PBXTargetDependency;
			target = C2634EA82B0C417F008BEFB7 /* logement */;
			targetProxy = C2634EC92B0C4180008BEFB7 /* PBXContainerItemProxy */;
		};
/* End PBXTargetDependency section */

/* Begin XCBuildConfiguration section */
		C2634ED02B0C4180008BEFB7 /* Debug */ = {
			isa = XCBuildConfiguration;
			buildSettings = {
				ALWAYS_SEARCH_USER_PATHS = NO;
				CLANG_ANALYZER_NONNULL = YES;
				CLANG_ANALYZER_NUMBER_OBJECT_CONVERSION = YES_AGGRESSIVE;
				CLANG_CXX_LANGUAGE_STANDARD = "gnu++20";
				CLANG_ENABLE_MODULES = YES;
				CLANG_ENABLE_OBJC_ARC = YES;
				CLANG_ENABLE_OBJC_WEAK = YES;
				CLANG_WARN_BLOCK_CAPTURE_AUTORELEASING = YES;
				CLANG_WARN_BOOL_CONVERSION = YES;
				CLANG_WARN_COMMA = YES;
				CLANG_WARN_CONSTANT_CONVERSION = YES;
				CLANG_WARN_DEPRECATED_OBJC_IMPLEMENTATIONS = YES;
				CLANG_WARN_DIRECT_OBJC_ISA_USAGE = YES_ERROR;
				CLANG_WARN_DOCUMENTATION_COMMENTS = YES;
				CLANG_WARN_EMPTY_BODY = YES;
				CLANG_WARN_ENUM_CONVERSION = YES;
				CLANG_WARN_INFINITE_RECURSION = YES;
				CLANG_WARN_INT_CONVERSION = YES;
				CLANG_WARN_NON_LITERAL_NULL_CONVERSION = YES;
				CLANG_WARN_OBJC_IMPLICIT_RETAIN_SELF = YES;
				CLANG_WARN_OBJC_LITERAL_CONVERSION = YES;
				CLANG_WARN_OBJC_ROOT_CLASS = YES_ERROR;
				CLANG_WARN_QUOTED_INCLUDE_IN_FRAMEWORK_HEADER = YES;
				CLANG_WARN_RANGE_LOOP_ANALYSIS = YES;
				CLANG_WARN_STRICT_PROTOTYPES = YES;
				CLANG_WARN_SUSPICIOUS_MOVE = YES;
				CLANG_WARN_UNGUARDED_AVAILABILITY = YES_AGGRESSIVE;
				CLANG_WARN_UNREACHABLE_CODE = YES;
				CLANG_WARN__DUPLICATE_METHOD_MATCH = YES;
				COPY_PHASE_STRIP = NO;
				DEBUG_INFORMATION_FORMAT = dwarf;
				ENABLE_STRICT_OBJC_MSGSEND = YES;
				ENABLE_TESTABILITY = YES;
				GCC_C_LANGUAGE_STANDARD = gnu11;
				GCC_DYNAMIC_NO_PIC = NO;
				GCC_NO_COMMON_BLOCKS = YES;
				GCC_OPTIMIZATION_LEVEL = 0;
				GCC_PREPROCESSOR_DEFINITIONS = (
					"DEBUG=1",
					"$(inherited)",
				);
				GCC_WARN_64_TO_32_BIT_CONVERSION = YES;
				GCC_WARN_ABOUT_RETURN_TYPE = YES_ERROR;
				GCC_WARN_UNDECLARED_SELECTOR = YES;
				GCC_WARN_UNINITIALIZED_AUTOS = YES_AGGRESSIVE;
				GCC_WARN_UNUSED_FUNCTION = YES;
				GCC_WARN_UNUSED_VARIABLE = YES;
				IPHONEOS_DEPLOYMENT_TARGET = 16.1;
				MTL_ENABLE_DEBUG_INFO = INCLUDE_SOURCE;
				MTL_FAST_MATH = YES;
				ONLY_ACTIVE_ARCH = YES;
				SDKROOT = iphoneos;
				SWIFT_ACTIVE_COMPILATION_CONDITIONS = DEBUG;
				SWIFT_OPTIMIZATION_LEVEL = "-Onone";
			};
			name = Debug;
		};
		C2634ED12B0C4180008BEFB7 /* Release */ = {
			isa = XCBuildConfiguration;
			buildSettings = {
				ALWAYS_SEARCH_USER_PATHS = NO;
				CLANG_ANALYZER_NONNULL = YES;
				CLANG_ANALYZER_NUMBER_OBJECT_CONVERSION = YES_AGGRESSIVE;
				CLANG_CXX_LANGUAGE_STANDARD = "gnu++20";
				CLANG_ENABLE_MODULES = YES;
				CLANG_ENABLE_OBJC_ARC = YES;
				CLANG_ENABLE_OBJC_WEAK = YES;
				CLANG_WARN_BLOCK_CAPTURE_AUTORELEASING = YES;
				CLANG_WARN_BOOL_CONVERSION = YES;
				CLANG_WARN_COMMA = YES;
				CLANG_WARN_CONSTANT_CONVERSION = YES;
				CLANG_WARN_DEPRECATED_OBJC_IMPLEMENTATIONS = YES;
				CLANG_WARN_DIRECT_OBJC_ISA_USAGE = YES_ERROR;
				CLANG_WARN_DOCUMENTATION_COMMENTS = YES;
				CLANG_WARN_EMPTY_BODY = YES;
				CLANG_WARN_ENUM_CONVERSION = YES;
				CLANG_WARN_INFINITE_RECURSION = YES;
				CLANG_WARN_INT_CONVERSION = YES;
				CLANG_WARN_NON_LITERAL_NULL_CONVERSION = YES;
				CLANG_WARN_OBJC_IMPLICIT_RETAIN_SELF = YES;
				CLANG_WARN_OBJC_LITERAL_CONVERSION = YES;
				CLANG_WARN_OBJC_ROOT_CLASS = YES_ERROR;
				CLANG_WARN_QUOTED_INCLUDE_IN_FRAMEWORK_HEADER = YES;
				CLANG_WARN_RANGE_LOOP_ANALYSIS = YES;
				CLANG_WARN_STRICT_PROTOTYPES = YES;
				CLANG_WARN_SUSPICIOUS_MOVE = YES;
				CLANG_WARN_UNGUARDED_AVAILABILITY = YES_AGGRESSIVE;
				CLANG_WARN_UNREACHABLE_CODE = YES;
				CLANG_WARN__DUPLICATE_METHOD_MATCH = YES;
				COPY_PHASE_STRIP = NO;
				DEBUG_INFORMATION_FORMAT = "dwarf-with-dsym";
				ENABLE_NS_ASSERTIONS = NO;
				ENABLE_STRICT_OBJC_MSGSEND = YES;
				GCC_C_LANGUAGE_STANDARD = gnu11;
				GCC_NO_COMMON_BLOCKS = YES;
				GCC_WARN_64_TO_32_BIT_CONVERSION = YES;
				GCC_WARN_ABOUT_RETURN_TYPE = YES_ERROR;
				GCC_WARN_UNDECLARED_SELECTOR = YES;
				GCC_WARN_UNINITIALIZED_AUTOS = YES_AGGRESSIVE;
				GCC_WARN_UNUSED_FUNCTION = YES;
				GCC_WARN_UNUSED_VARIABLE = YES;
				IPHONEOS_DEPLOYMENT_TARGET = 16.1;
				MTL_ENABLE_DEBUG_INFO = NO;
				MTL_FAST_MATH = YES;
				SDKROOT = iphoneos;
				SWIFT_COMPILATION_MODE = wholemodule;
				SWIFT_OPTIMIZATION_LEVEL = "-O";
				VALIDATE_PRODUCT = YES;
			};
			name = Release;
		};
		C2634ED32B0C4180008BEFB7 /* Debug */ = {
			isa = XCBuildConfiguration;
			buildSettings = {
				ASSETCATALOG_COMPILER_APPICON_NAME = AppIcon;
				ASSETCATALOG_COMPILER_GLOBAL_ACCENT_COLOR_NAME = AccentColor;
				CODE_SIGN_STYLE = Automatic;
				CURRENT_PROJECT_VERSION = 1;
				DEVELOPMENT_ASSET_PATHS = "\"logement/Preview Content\"";
				ENABLE_PREVIEWS = YES;
				GENERATE_INFOPLIST_FILE = YES;
				INFOPLIST_KEY_UIApplicationSceneManifest_Generation = YES;
				INFOPLIST_KEY_UIApplicationSupportsIndirectInputEvents = YES;
				INFOPLIST_KEY_UILaunchScreen_Generation = YES;
				INFOPLIST_KEY_UISupportedInterfaceOrientations_iPad = "UIInterfaceOrientationPortrait UIInterfaceOrientationPortraitUpsideDown UIInterfaceOrientationLandscapeLeft UIInterfaceOrientationLandscapeRight";
				INFOPLIST_KEY_UISupportedInterfaceOrientations_iPhone = "UIInterfaceOrientationPortrait UIInterfaceOrientationLandscapeLeft UIInterfaceOrientationLandscapeRight";
				LD_RUNPATH_SEARCH_PATHS = (
					"$(inherited)",
					"@executable_path/Frameworks",
				);
				MARKETING_VERSION = 1.0;
				PRODUCT_BUNDLE_IDENTIFIER = esprit.logement;
				PRODUCT_NAME = "$(TARGET_NAME)";
				SWIFT_EMIT_LOC_STRINGS = YES;
				SWIFT_VERSION = 5.0;
				TARGETED_DEVICE_FAMILY = "1,2";
			};
			name = Debug;
		};
		C2634ED42B0C4180008BEFB7 /* Release */ = {
			isa = XCBuildConfiguration;
			buildSettings = {
				ASSETCATALOG_COMPILER_APPICON_NAME = AppIcon;
				ASSETCATALOG_COMPILER_GLOBAL_ACCENT_COLOR_NAME = AccentColor;
				CODE_SIGN_STYLE = Automatic;
				CURRENT_PROJECT_VERSION = 1;
				DEVELOPMENT_ASSET_PATHS = "\"logement/Preview Content\"";
				ENABLE_PREVIEWS = YES;
				GENERATE_INFOPLIST_FILE = YES;
				INFOPLIST_KEY_UIApplicationSceneManifest_Generation = YES;
				INFOPLIST_KEY_UIApplicationSupportsIndirectInputEvents = YES;
				INFOPLIST_KEY_UILaunchScreen_Generation = YES;
				INFOPLIST_KEY_UISupportedInterfaceOrientations_iPad = "UIInterfaceOrientationPortrait UIInterfaceOrientationPortraitUpsideDown UIInterfaceOrientationLandscapeLeft UIInterfaceOrientationLandscapeRight";
				INFOPLIST_KEY_UISupportedInterfaceOrientations_iPhone = "UIInterfaceOrientationPortrait UIInterfaceOrientationLandscapeLeft UIInterfaceOrientationLandscapeRight";
				LD_RUNPATH_SEARCH_PATHS = (
					"$(inherited)",
					"@executable_path/Frameworks",
				);
				MARKETING_VERSION = 1.0;
				PRODUCT_BUNDLE_IDENTIFIER = esprit.logement;
				PRODUCT_NAME = "$(TARGET_NAME)";
				SWIFT_EMIT_LOC_STRINGS = YES;
				SWIFT_VERSION = 5.0;
				TARGETED_DEVICE_FAMILY = "1,2";
			};
			name = Release;
		};
		C2634ED62B0C4180008BEFB7 /* Debug */ = {
			isa = XCBuildConfiguration;
			buildSettings = {
				ALWAYS_EMBED_SWIFT_STANDARD_LIBRARIES = YES;
				BUNDLE_LOADER = "$(TEST_HOST)";
				CODE_SIGN_STYLE = Automatic;
				CURRENT_PROJECT_VERSION = 1;
				GENERATE_INFOPLIST_FILE = YES;
				IPHONEOS_DEPLOYMENT_TARGET = 16.1;
				MARKETING_VERSION = 1.0;
				PRODUCT_BUNDLE_IDENTIFIER = esprit.logementTests;
				PRODUCT_NAME = "$(TARGET_NAME)";
				SWIFT_EMIT_LOC_STRINGS = NO;
				SWIFT_VERSION = 5.0;
				TARGETED_DEVICE_FAMILY = "1,2";
				TEST_HOST = "$(BUILT_PRODUCTS_DIR)/logement.app/$(BUNDLE_EXECUTABLE_FOLDER_PATH)/logement";
			};
			name = Debug;
		};
		C2634ED72B0C4180008BEFB7 /* Release */ = {
			isa = XCBuildConfiguration;
			buildSettings = {
				ALWAYS_EMBED_SWIFT_STANDARD_LIBRARIES = YES;
				BUNDLE_LOADER = "$(TEST_HOST)";
				CODE_SIGN_STYLE = Automatic;
				CURRENT_PROJECT_VERSION = 1;
				GENERATE_INFOPLIST_FILE = YES;
				IPHONEOS_DEPLOYMENT_TARGET = 16.1;
				MARKETING_VERSION = 1.0;
				PRODUCT_BUNDLE_IDENTIFIER = esprit.logementTests;
				PRODUCT_NAME = "$(TARGET_NAME)";
				SWIFT_EMIT_LOC_STRINGS = NO;
				SWIFT_VERSION = 5.0;
				TARGETED_DEVICE_FAMILY = "1,2";
				TEST_HOST = "$(BUILT_PRODUCTS_DIR)/logement.app/$(BUNDLE_EXECUTABLE_FOLDER_PATH)/logement";
			};
			name = Release;
		};
		C2634ED92B0C4180008BEFB7 /* Debug */ = {
			isa = XCBuildConfiguration;
			buildSettings = {
				ALWAYS_EMBED_SWIFT_STANDARD_LIBRARIES = YES;
				CODE_SIGN_STYLE = Automatic;
				CURRENT_PROJECT_VERSION = 1;
				GENERATE_INFOPLIST_FILE = YES;
				MARKETING_VERSION = 1.0;
				PRODUCT_BUNDLE_IDENTIFIER = esprit.logementUITests;
				PRODUCT_NAME = "$(TARGET_NAME)";
				SWIFT_EMIT_LOC_STRINGS = NO;
				SWIFT_VERSION = 5.0;
				TARGETED_DEVICE_FAMILY = "1,2";
				TEST_TARGET_NAME = logement;
			};
			name = Debug;
		};
		C2634EDA2B0C4180008BEFB7 /* Release */ = {
			isa = XCBuildConfiguration;
			buildSettings = {
				ALWAYS_EMBED_SWIFT_STANDARD_LIBRARIES = YES;
				CODE_SIGN_STYLE = Automatic;
				CURRENT_PROJECT_VERSION = 1;
				GENERATE_INFOPLIST_FILE = YES;
				MARKETING_VERSION = 1.0;
				PRODUCT_BUNDLE_IDENTIFIER = esprit.logementUITests;
				PRODUCT_NAME = "$(TARGET_NAME)";
				SWIFT_EMIT_LOC_STRINGS = NO;
				SWIFT_VERSION = 5.0;
				TARGETED_DEVICE_FAMILY = "1,2";
				TEST_TARGET_NAME = logement;
			};
			name = Release;
		};
/* End XCBuildConfiguration section */

/* Begin XCConfigurationList section */
		C2634EA42B0C417E008BEFB7 /* Build configuration list for PBXProject "logement" */ = {
			isa = XCConfigurationList;
			buildConfigurations = (
				C2634ED02B0C4180008BEFB7 /* Debug */,
				C2634ED12B0C4180008BEFB7 /* Release */,
			);
			defaultConfigurationIsVisible = 0;
			defaultConfigurationName = Release;
		};
		C2634ED22B0C4180008BEFB7 /* Build configuration list for PBXNativeTarget "logement" */ = {
			isa = XCConfigurationList;
			buildConfigurations = (
				C2634ED32B0C4180008BEFB7 /* Debug */,
				C2634ED42B0C4180008BEFB7 /* Release */,
			);
			defaultConfigurationIsVisible = 0;
			defaultConfigurationName = Release;
		};
		C2634ED52B0C4180008BEFB7 /* Build configuration list for PBXNativeTarget "logementTests" */ = {
			isa = XCConfigurationList;
			buildConfigurations = (
				C2634ED62B0C4180008BEFB7 /* Debug */,
				C2634ED72B0C4180008BEFB7 /* Release */,
			);
			defaultConfigurationIsVisible = 0;
			defaultConfigurationName = Release;
		};
		C2634ED82B0C4180008BEFB7 /* Build configuration list for PBXNativeTarget "logementUITests" */ = {
			isa = XCConfigurationList;
			buildConfigurations = (
				C2634ED92B0C4180008BEFB7 /* Debug */,
				C2634EDA2B0C4180008BEFB7 /* Release */,
			);
			defaultConfigurationIsVisible = 0;
			defaultConfigurationName = Release;
		};
/* End XCConfigurationList section */

/* Begin XCVersionGroup section */
		C2634EB72B0C4180008BEFB7 /* logement.xcdatamodeld */ = {
			isa = XCVersionGroup;
			children = (
				C2634EB82B0C4180008BEFB7 /* logement.xcdatamodel */,
			);
			currentVersion = C2634EB82B0C4180008BEFB7 /* logement.xcdatamodel */;
			path = logement.xcdatamodeld;
			sourceTree = "<group>";
			versionGroupType = wrapper.xcdatamodel;
		};
/* End XCVersionGroup section */
	};
	rootObject = C2634EA12B0C417E008BEFB7 /* Project object */;
}
