// !$*UTF8*$!
{
	archiveVersion = 1;
	classes = {
	};
	objectVersion = 56;
	objects = {

/* Begin PBXBuildFile section */
		501E0BE32B092F2500EF7B15 /* LogementViewModel.swift in Sources */ = {isa = PBXBuildFile; fileRef = 501E0BE22B092F2500EF7B15 /* LogementViewModel.swift */; };
		501E0BE62B092FCE00EF7B15 /* LogementService.swift in Sources */ = {isa = PBXBuildFile; fileRef = 501E0BE52B092FCE00EF7B15 /* LogementService.swift */; };
		501E0BE82B09306400EF7B15 /* Logement.swift in Sources */ = {isa = PBXBuildFile; fileRef = 501E0BE72B09306400EF7B15 /* Logement.swift */; };
		503C13372AFB83010034D3A1 /* LogementApp.swift in Sources */ = {isa = PBXBuildFile; fileRef = 503C13362AFB83010034D3A1 /* LogementApp.swift */; };
		503C13392AFB83010034D3A1 /* ContentView.swift in Sources */ = {isa = PBXBuildFile; fileRef = 503C13382AFB83010034D3A1 /* ContentView.swift */; };
		503C133B2AFB83020034D3A1 /* Assets.xcassets in Resources */ = {isa = PBXBuildFile; fileRef = 503C133A2AFB83020034D3A1 /* Assets.xcassets */; };
		503C133E2AFB83020034D3A1 /* Preview Assets.xcassets in Resources */ = {isa = PBXBuildFile; fileRef = 503C133D2AFB83020034D3A1 /* Preview Assets.xcassets */; };
		503C13402AFB83020034D3A1 /* Persistence.swift in Sources */ = {isa = PBXBuildFile; fileRef = 503C133F2AFB83020034D3A1 /* Persistence.swift */; };
		503C13432AFB83020034D3A1 /* Logement.xcdatamodeld in Sources */ = {isa = PBXBuildFile; fileRef = 503C13412AFB83020034D3A1 /* Logement.xcdatamodeld */; };
		503C134D2AFB83030034D3A1 /* LogementTests.swift in Sources */ = {isa = PBXBuildFile; fileRef = 503C134C2AFB83030034D3A1 /* LogementTests.swift */; };
		503C13572AFB83030034D3A1 /* LogementUITests.swift in Sources */ = {isa = PBXBuildFile; fileRef = 503C13562AFB83030034D3A1 /* LogementUITests.swift */; };
		503C13592AFB83030034D3A1 /* LogementUITestsLaunchTests.swift in Sources */ = {isa = PBXBuildFile; fileRef = 503C13582AFB83030034D3A1 /* LogementUITestsLaunchTests.swift */; };
		503C13692AFB85790034D3A1 /* ExploreView.swift in Sources */ = {isa = PBXBuildFile; fileRef = 503C13682AFB85790034D3A1 /* ExploreView.swift */; };
		503C136D2AFB89190034D3A1 /* SearchAndFilterBar.swift in Sources */ = {isa = PBXBuildFile; fileRef = 503C136C2AFB89190034D3A1 /* SearchAndFilterBar.swift */; };
		503C136F2AFB8B030034D3A1 /* ListingItemView.swift in Sources */ = {isa = PBXBuildFile; fileRef = 503C136E2AFB8B030034D3A1 /* ListingItemView.swift */; };
		503C13712AFB8B780034D3A1 /* ListingDetailsView.swift in Sources */ = {isa = PBXBuildFile; fileRef = 503C13702AFB8B780034D3A1 /* ListingDetailsView.swift */; };
		503C13742AFB8BE40034D3A1 /* ListingImageCarousselView.swift in Sources */ = {isa = PBXBuildFile; fileRef = 503C13732AFB8BE40034D3A1 /* ListingImageCarousselView.swift */; };
		503C13762AFBADBD0034D3A1 /* DestinationSearchView.swift in Sources */ = {isa = PBXBuildFile; fileRef = 503C13752AFBADBD0034D3A1 /* DestinationSearchView.swift */; };
		50446B7A2B08C36600AB4751 /* AppCoordinator.swift in Sources */ = {isa = PBXBuildFile; fileRef = 50446B792B08C36600AB4751 /* AppCoordinator.swift */; };
		5057465A2B08F6B7007F7EF9 /* testnavbarview.swift in Sources */ = {isa = PBXBuildFile; fileRef = 505746592B08F6B7007F7EF9 /* testnavbarview.swift */; };
		5088AD482B08D17600A07FD9 /* ProfileVieww.swift in Sources */ = {isa = PBXBuildFile; fileRef = 5088AD472B08D17600A07FD9 /* ProfileVieww.swift */; };
		509980932B090B800048B872 /* AnnouncedListView.swift in Sources */ = {isa = PBXBuildFile; fileRef = 509980922B090B800048B872 /* AnnouncedListView.swift */; };
		509980952B090B9B0048B872 /* AnnouncedDetailView.swift in Sources */ = {isa = PBXBuildFile; fileRef = 509980942B090B9B0048B872 /* AnnouncedDetailView.swift */; };
		50E05AA92B08D56200C74B5F /* PaymentView.swift in Sources */ = {isa = PBXBuildFile; fileRef = 50E05AA82B08D56200C74B5F /* PaymentView.swift */; };
		50FF42902AFD15F800279937 /* ProfileView.swift in Sources */ = {isa = PBXBuildFile; fileRef = 50FF428F2AFD15F800279937 /* ProfileView.swift */; };
		50FF42922AFD160E00279937 /* FavoritesView.swift in Sources */ = {isa = PBXBuildFile; fileRef = 50FF42912AFD160E00279937 /* FavoritesView.swift */; };
		50FF42942AFD162700279937 /* ReservationsView.swift in Sources */ = {isa = PBXBuildFile; fileRef = 50FF42932AFD162700279937 /* ReservationsView.swift */; };
		50FF42962AFD163700279937 /* ReclameView.swift in Sources */ = {isa = PBXBuildFile; fileRef = 50FF42952AFD163700279937 /* ReclameView.swift */; };
		50FF42992AFD285600279937 /* AddLogementView.swift in Sources */ = {isa = PBXBuildFile; fileRef = 50FF42982AFD285600279937 /* AddLogementView.swift */; };
/* End PBXBuildFile section */

/* Begin PBXContainerItemProxy section */
		503C13492AFB83030034D3A1 /* PBXContainerItemProxy */ = {
			isa = PBXContainerItemProxy;
			containerPortal = 503C132B2AFB83010034D3A1 /* Project object */;
			proxyType = 1;
			remoteGlobalIDString = 503C13322AFB83010034D3A1;
			remoteInfo = Logement;
		};
		503C13532AFB83030034D3A1 /* PBXContainerItemProxy */ = {
			isa = PBXContainerItemProxy;
			containerPortal = 503C132B2AFB83010034D3A1 /* Project object */;
			proxyType = 1;
			remoteGlobalIDString = 503C13322AFB83010034D3A1;
			remoteInfo = Logement;
		};
/* End PBXContainerItemProxy section */

/* Begin PBXFileReference section */
		501E0BE22B092F2500EF7B15 /* LogementViewModel.swift */ = {isa = PBXFileReference; lastKnownFileType = sourcecode.swift; path = LogementViewModel.swift; sourceTree = "<group>"; };
		501E0BE52B092FCE00EF7B15 /* LogementService.swift */ = {isa = PBXFileReference; lastKnownFileType = sourcecode.swift; path = LogementService.swift; sourceTree = "<group>"; };
		501E0BE72B09306400EF7B15 /* Logement.swift */ = {isa = PBXFileReference; lastKnownFileType = sourcecode.swift; path = Logement.swift; sourceTree = "<group>"; };
		503C13332AFB83010034D3A1 /* Logement.app */ = {isa = PBXFileReference; explicitFileType = wrapper.application; includeInIndex = 0; path = Logement.app; sourceTree = BUILT_PRODUCTS_DIR; };
		503C13362AFB83010034D3A1 /* LogementApp.swift */ = {isa = PBXFileReference; lastKnownFileType = sourcecode.swift; path = LogementApp.swift; sourceTree = "<group>"; };
		503C13382AFB83010034D3A1 /* ContentView.swift */ = {isa = PBXFileReference; lastKnownFileType = sourcecode.swift; path = ContentView.swift; sourceTree = "<group>"; };
		503C133A2AFB83020034D3A1 /* Assets.xcassets */ = {isa = PBXFileReference; lastKnownFileType = folder.assetcatalog; path = Assets.xcassets; sourceTree = "<group>"; };
		503C133D2AFB83020034D3A1 /* Preview Assets.xcassets */ = {isa = PBXFileReference; lastKnownFileType = folder.assetcatalog; path = "Preview Assets.xcassets"; sourceTree = "<group>"; };
		503C133F2AFB83020034D3A1 /* Persistence.swift */ = {isa = PBXFileReference; lastKnownFileType = sourcecode.swift; path = Persistence.swift; sourceTree = "<group>"; };
		503C13422AFB83020034D3A1 /* Logement.xcdatamodel */ = {isa = PBXFileReference; lastKnownFileType = wrapper.xcdatamodel; path = Logement.xcdatamodel; sourceTree = "<group>"; };
		503C13482AFB83030034D3A1 /* LogementTests.xctest */ = {isa = PBXFileReference; explicitFileType = wrapper.cfbundle; includeInIndex = 0; path = LogementTests.xctest; sourceTree = BUILT_PRODUCTS_DIR; };
		503C134C2AFB83030034D3A1 /* LogementTests.swift */ = {isa = PBXFileReference; lastKnownFileType = sourcecode.swift; path = LogementTests.swift; sourceTree = "<group>"; };
		503C13522AFB83030034D3A1 /* LogementUITests.xctest */ = {isa = PBXFileReference; explicitFileType = wrapper.cfbundle; includeInIndex = 0; path = LogementUITests.xctest; sourceTree = BUILT_PRODUCTS_DIR; };
		503C13562AFB83030034D3A1 /* LogementUITests.swift */ = {isa = PBXFileReference; lastKnownFileType = sourcecode.swift; path = LogementUITests.swift; sourceTree = "<group>"; };
		503C13582AFB83030034D3A1 /* LogementUITestsLaunchTests.swift */ = {isa = PBXFileReference; lastKnownFileType = sourcecode.swift; path = LogementUITestsLaunchTests.swift; sourceTree = "<group>"; };
		503C13682AFB85790034D3A1 /* ExploreView.swift */ = {isa = PBXFileReference; lastKnownFileType = sourcecode.swift; path = ExploreView.swift; sourceTree = "<group>"; };
		503C136C2AFB89190034D3A1 /* SearchAndFilterBar.swift */ = {isa = PBXFileReference; lastKnownFileType = sourcecode.swift; path = SearchAndFilterBar.swift; sourceTree = "<group>"; };
		503C136E2AFB8B030034D3A1 /* ListingItemView.swift */ = {isa = PBXFileReference; lastKnownFileType = sourcecode.swift; path = ListingItemView.swift; sourceTree = "<group>"; };
		503C13702AFB8B780034D3A1 /* ListingDetailsView.swift */ = {isa = PBXFileReference; lastKnownFileType = sourcecode.swift; path = ListingDetailsView.swift; sourceTree = "<group>"; };
		503C13732AFB8BE40034D3A1 /* ListingImageCarousselView.swift */ = {isa = PBXFileReference; lastKnownFileType = sourcecode.swift; path = ListingImageCarousselView.swift; sourceTree = "<group>"; };
		503C13752AFBADBD0034D3A1 /* DestinationSearchView.swift */ = {isa = PBXFileReference; lastKnownFileType = sourcecode.swift; path = DestinationSearchView.swift; sourceTree = "<group>"; };
		50446B792B08C36600AB4751 /* AppCoordinator.swift */ = {isa = PBXFileReference; lastKnownFileType = sourcecode.swift; path = AppCoordinator.swift; sourceTree = "<group>"; };
		505746592B08F6B7007F7EF9 /* testnavbarview.swift */ = {isa = PBXFileReference; lastKnownFileType = sourcecode.swift; path = testnavbarview.swift; sourceTree = "<group>"; };
		5088AD472B08D17600A07FD9 /* ProfileVieww.swift */ = {isa = PBXFileReference; lastKnownFileType = sourcecode.swift; path = ProfileVieww.swift; sourceTree = "<group>"; };
		509980922B090B800048B872 /* AnnouncedListView.swift */ = {isa = PBXFileReference; lastKnownFileType = sourcecode.swift; path = AnnouncedListView.swift; sourceTree = "<group>"; };
		509980942B090B9B0048B872 /* AnnouncedDetailView.swift */ = {isa = PBXFileReference; lastKnownFileType = sourcecode.swift; path = AnnouncedDetailView.swift; sourceTree = "<group>"; };
		50E05AA82B08D56200C74B5F /* PaymentView.swift */ = {isa = PBXFileReference; lastKnownFileType = sourcecode.swift; path = PaymentView.swift; sourceTree = "<group>"; };
		50FF428F2AFD15F800279937 /* ProfileView.swift */ = {isa = PBXFileReference; lastKnownFileType = sourcecode.swift; path = ProfileView.swift; sourceTree = "<group>"; };
		50FF42912AFD160E00279937 /* FavoritesView.swift */ = {isa = PBXFileReference; lastKnownFileType = sourcecode.swift; path = FavoritesView.swift; sourceTree = "<group>"; };
		50FF42932AFD162700279937 /* ReservationsView.swift */ = {isa = PBXFileReference; lastKnownFileType = sourcecode.swift; path = ReservationsView.swift; sourceTree = "<group>"; };
		50FF42952AFD163700279937 /* ReclameView.swift */ = {isa = PBXFileReference; lastKnownFileType = sourcecode.swift; path = ReclameView.swift; sourceTree = "<group>"; };
		50FF42982AFD285600279937 /* AddLogementView.swift */ = {isa = PBXFileReference; lastKnownFileType = sourcecode.swift; path = AddLogementView.swift; sourceTree = "<group>"; };
/* End PBXFileReference section */

/* Begin PBXFrameworksBuildPhase section */
		503C13302AFB83010034D3A1 /* Frameworks */ = {
			isa = PBXFrameworksBuildPhase;
			buildActionMask = 2147483647;
			files = (
			);
			runOnlyForDeploymentPostprocessing = 0;
		};
		503C13452AFB83030034D3A1 /* Frameworks */ = {
			isa = PBXFrameworksBuildPhase;
			buildActionMask = 2147483647;
			files = (
			);
			runOnlyForDeploymentPostprocessing = 0;
		};
		503C134F2AFB83030034D3A1 /* Frameworks */ = {
			isa = PBXFrameworksBuildPhase;
			buildActionMask = 2147483647;
			files = (
			);
			runOnlyForDeploymentPostprocessing = 0;
		};
/* End PBXFrameworksBuildPhase section */

/* Begin PBXGroup section */
		501E0BE42B092FAB00EF7B15 /* Services */ = {
			isa = PBXGroup;
			children = (
				501E0BE52B092FCE00EF7B15 /* LogementService.swift */,
			);
			path = Services;
			sourceTree = "<group>";
		};
		503C132A2AFB83010034D3A1 = {
			isa = PBXGroup;
			children = (
				501E0BE42B092FAB00EF7B15 /* Services */,
				50D2DD8E2B04DFDA009884FE /* ViewModels */,
				50D2DD8D2B04DFCD009884FE /* Utilities */,
				50D2DD8C2B04DFB5009884FE /* Networking */,
				50D2DD8B2B04DFAC009884FE /* Models */,
				503C13652AFB852E0034D3A1 /* Core */,
				503C13352AFB83010034D3A1 /* Logement */,
				503C134B2AFB83030034D3A1 /* LogementTests */,
				503C13552AFB83030034D3A1 /* LogementUITests */,
				503C13342AFB83010034D3A1 /* Products */,
			);
			sourceTree = "<group>";
		};
		503C13342AFB83010034D3A1 /* Products */ = {
			isa = PBXGroup;
			children = (
				503C13332AFB83010034D3A1 /* Logement.app */,
				503C13482AFB83030034D3A1 /* LogementTests.xctest */,
				503C13522AFB83030034D3A1 /* LogementUITests.xctest */,
			);
			name = Products;
			sourceTree = "<group>";
		};
		503C13352AFB83010034D3A1 /* Logement */ = {
			isa = PBXGroup;
			children = (
				503C13362AFB83010034D3A1 /* LogementApp.swift */,
				503C13382AFB83010034D3A1 /* ContentView.swift */,
				503C133A2AFB83020034D3A1 /* Assets.xcassets */,
				503C133F2AFB83020034D3A1 /* Persistence.swift */,
				503C13412AFB83020034D3A1 /* Logement.xcdatamodeld */,
				503C133C2AFB83020034D3A1 /* Preview Content */,
			);
			path = Logement;
			sourceTree = "<group>";
		};
		503C133C2AFB83020034D3A1 /* Preview Content */ = {
			isa = PBXGroup;
			children = (
				503C133D2AFB83020034D3A1 /* Preview Assets.xcassets */,
			);
			path = "Preview Content";
			sourceTree = "<group>";
		};
		503C134B2AFB83030034D3A1 /* LogementTests */ = {
			isa = PBXGroup;
			children = (
				503C134C2AFB83030034D3A1 /* LogementTests.swift */,
			);
			path = LogementTests;
			sourceTree = "<group>";
		};
		503C13552AFB83030034D3A1 /* LogementUITests */ = {
			isa = PBXGroup;
			children = (
				503C13562AFB83030034D3A1 /* LogementUITests.swift */,
				503C13582AFB83030034D3A1 /* LogementUITestsLaunchTests.swift */,
			);
			path = LogementUITests;
			sourceTree = "<group>";
		};
		503C13652AFB852E0034D3A1 /* Core */ = {
			isa = PBXGroup;
			children = (
				50D2DD8F2B04DFE9009884FE /* View */,
				503C13722AFB8B930034D3A1 /* Components */,
				503C13672AFB85580034D3A1 /* Listings */,
				503C13662AFB85470034D3A1 /* Explore */,
			);
			path = Core;
			sourceTree = "<group>";
		};
		503C13662AFB85470034D3A1 /* Explore */ = {
			isa = PBXGroup;
			children = (
				503C13682AFB85790034D3A1 /* ExploreView.swift */,
				503C136C2AFB89190034D3A1 /* SearchAndFilterBar.swift */,
				503C13752AFBADBD0034D3A1 /* DestinationSearchView.swift */,
				50FF428F2AFD15F800279937 /* ProfileView.swift */,
				50FF42912AFD160E00279937 /* FavoritesView.swift */,
				50FF42932AFD162700279937 /* ReservationsView.swift */,
				50FF42952AFD163700279937 /* ReclameView.swift */,
				505746592B08F6B7007F7EF9 /* testnavbarview.swift */,
			);
			path = Explore;
			sourceTree = "<group>";
		};
		503C13672AFB85580034D3A1 /* Listings */ = {
			isa = PBXGroup;
			children = (
				503C136E2AFB8B030034D3A1 /* ListingItemView.swift */,
				503C13702AFB8B780034D3A1 /* ListingDetailsView.swift */,
			);
			path = Listings;
			sourceTree = "<group>";
		};
		503C13722AFB8B930034D3A1 /* Components */ = {
			isa = PBXGroup;
			children = (
				503C13732AFB8BE40034D3A1 /* ListingImageCarousselView.swift */,
			);
			path = Components;
			sourceTree = "<group>";
		};
		50D2DD8B2B04DFAC009884FE /* Models */ = {
			isa = PBXGroup;
			children = (
			);
			path = Models;
			sourceTree = "<group>";
		};
		50D2DD8C2B04DFB5009884FE /* Networking */ = {
			isa = PBXGroup;
			children = (
			);
			path = Networking;
			sourceTree = "<group>";
		};
		50D2DD8D2B04DFCD009884FE /* Utilities */ = {
			isa = PBXGroup;
			children = (
			);
			path = Utilities;
			sourceTree = "<group>";
		};
		50D2DD8E2B04DFDA009884FE /* ViewModels */ = {
			isa = PBXGroup;
			children = (
				501E0BE22B092F2500EF7B15 /* LogementViewModel.swift */,
				501E0BE72B09306400EF7B15 /* Logement.swift */,
			);
			path = ViewModels;
			sourceTree = "<group>";
		};
		50D2DD8F2B04DFE9009884FE /* View */ = {
			isa = PBXGroup;
			children = (
				50FF42982AFD285600279937 /* AddLogementView.swift */,
				50446B792B08C36600AB4751 /* AppCoordinator.swift */,
				5088AD472B08D17600A07FD9 /* ProfileVieww.swift */,
				50E05AA82B08D56200C74B5F /* PaymentView.swift */,
				509980922B090B800048B872 /* AnnouncedListView.swift */,
				509980942B090B9B0048B872 /* AnnouncedDetailView.swift */,
			);
			path = View;
			sourceTree = "<group>";
		};
/* End PBXGroup section */

/* Begin PBXNativeTarget section */
		503C13322AFB83010034D3A1 /* Logement */ = {
			isa = PBXNativeTarget;
			buildConfigurationList = 503C135C2AFB83030034D3A1 /* Build configuration list for PBXNativeTarget "Logement" */;
			buildPhases = (
				503C132F2AFB83010034D3A1 /* Sources */,
				503C13302AFB83010034D3A1 /* Frameworks */,
				503C13312AFB83010034D3A1 /* Resources */,
			);
			buildRules = (
			);
			dependencies = (
			);
			name = Logement;
			productName = Logement;
			productReference = 503C13332AFB83010034D3A1 /* Logement.app */;
			productType = "com.apple.product-type.application";
		};
		503C13472AFB83030034D3A1 /* LogementTests */ = {
			isa = PBXNativeTarget;
			buildConfigurationList = 503C135F2AFB83030034D3A1 /* Build configuration list for PBXNativeTarget "LogementTests" */;
			buildPhases = (
				503C13442AFB83030034D3A1 /* Sources */,
				503C13452AFB83030034D3A1 /* Frameworks */,
				503C13462AFB83030034D3A1 /* Resources */,
			);
			buildRules = (
			);
			dependencies = (
				503C134A2AFB83030034D3A1 /* PBXTargetDependency */,
			);
			name = LogementTests;
			productName = LogementTests;
			productReference = 503C13482AFB83030034D3A1 /* LogementTests.xctest */;
			productType = "com.apple.product-type.bundle.unit-test";
		};
		503C13512AFB83030034D3A1 /* LogementUITests */ = {
			isa = PBXNativeTarget;
			buildConfigurationList = 503C13622AFB83030034D3A1 /* Build configuration list for PBXNativeTarget "LogementUITests" */;
			buildPhases = (
				503C134E2AFB83030034D3A1 /* Sources */,
				503C134F2AFB83030034D3A1 /* Frameworks */,
				503C13502AFB83030034D3A1 /* Resources */,
			);
			buildRules = (
			);
			dependencies = (
				503C13542AFB83030034D3A1 /* PBXTargetDependency */,
			);
			name = LogementUITests;
			productName = LogementUITests;
			productReference = 503C13522AFB83030034D3A1 /* LogementUITests.xctest */;
			productType = "com.apple.product-type.bundle.ui-testing";
		};
/* End PBXNativeTarget section */

/* Begin PBXProject section */
		503C132B2AFB83010034D3A1 /* Project object */ = {
			isa = PBXProject;
			attributes = {
				BuildIndependentTargetsInParallel = 1;
				LastSwiftUpdateCheck = 1410;
				LastUpgradeCheck = 1410;
				TargetAttributes = {
					503C13322AFB83010034D3A1 = {
						CreatedOnToolsVersion = 14.1;
					};
					503C13472AFB83030034D3A1 = {
						CreatedOnToolsVersion = 14.1;
						TestTargetID = 503C13322AFB83010034D3A1;
					};
					503C13512AFB83030034D3A1 = {
						CreatedOnToolsVersion = 14.1;
						TestTargetID = 503C13322AFB83010034D3A1;
					};
				};
			};
			buildConfigurationList = 503C132E2AFB83010034D3A1 /* Build configuration list for PBXProject "Logement" */;
			compatibilityVersion = "Xcode 14.0";
			developmentRegion = en;
			hasScannedForEncodings = 0;
			knownRegions = (
				en,
				Base,
			);
			mainGroup = 503C132A2AFB83010034D3A1;
			productRefGroup = 503C13342AFB83010034D3A1 /* Products */;
			projectDirPath = "";
			projectRoot = "";
			targets = (
				503C13322AFB83010034D3A1 /* Logement */,
				503C13472AFB83030034D3A1 /* LogementTests */,
				503C13512AFB83030034D3A1 /* LogementUITests */,
			);
		};
/* End PBXProject section */

/* Begin PBXResourcesBuildPhase section */
		503C13312AFB83010034D3A1 /* Resources */ = {
			isa = PBXResourcesBuildPhase;
			buildActionMask = 2147483647;
			files = (
				503C133E2AFB83020034D3A1 /* Preview Assets.xcassets in Resources */,
				503C133B2AFB83020034D3A1 /* Assets.xcassets in Resources */,
			);
			runOnlyForDeploymentPostprocessing = 0;
		};
		503C13462AFB83030034D3A1 /* Resources */ = {
			isa = PBXResourcesBuildPhase;
			buildActionMask = 2147483647;
			files = (
			);
			runOnlyForDeploymentPostprocessing = 0;
		};
		503C13502AFB83030034D3A1 /* Resources */ = {
			isa = PBXResourcesBuildPhase;
			buildActionMask = 2147483647;
			files = (
			);
			runOnlyForDeploymentPostprocessing = 0;
		};
/* End PBXResourcesBuildPhase section */

/* Begin PBXSourcesBuildPhase section */
		503C132F2AFB83010034D3A1 /* Sources */ = {
			isa = PBXSourcesBuildPhase;
			buildActionMask = 2147483647;
			files = (
				503C13432AFB83020034D3A1 /* Logement.xcdatamodeld in Sources */,
				503C136F2AFB8B030034D3A1 /* ListingItemView.swift in Sources */,
				503C136D2AFB89190034D3A1 /* SearchAndFilterBar.swift in Sources */,
				501E0BE62B092FCE00EF7B15 /* LogementService.swift in Sources */,
				503C13402AFB83020034D3A1 /* Persistence.swift in Sources */,
				5057465A2B08F6B7007F7EF9 /* testnavbarview.swift in Sources */,
				509980952B090B9B0048B872 /* AnnouncedDetailView.swift in Sources */,
				503C13742AFB8BE40034D3A1 /* ListingImageCarousselView.swift in Sources */,
				503C13762AFBADBD0034D3A1 /* DestinationSearchView.swift in Sources */,
				5088AD482B08D17600A07FD9 /* ProfileVieww.swift in Sources */,
				509980932B090B800048B872 /* AnnouncedListView.swift in Sources */,
				50FF42992AFD285600279937 /* AddLogementView.swift in Sources */,
				501E0BE82B09306400EF7B15 /* Logement.swift in Sources */,
				50FF42942AFD162700279937 /* ReservationsView.swift in Sources */,
				503C13392AFB83010034D3A1 /* ContentView.swift in Sources */,
				503C13372AFB83010034D3A1 /* LogementApp.swift in Sources */,
				50E05AA92B08D56200C74B5F /* PaymentView.swift in Sources */,
				50FF42922AFD160E00279937 /* FavoritesView.swift in Sources */,
				503C13712AFB8B780034D3A1 /* ListingDetailsView.swift in Sources */,
				50FF42902AFD15F800279937 /* ProfileView.swift in Sources */,
				501E0BE32B092F2500EF7B15 /* LogementViewModel.swift in Sources */,
				50446B7A2B08C36600AB4751 /* AppCoordinator.swift in Sources */,
				50FF42962AFD163700279937 /* ReclameView.swift in Sources */,
				503C13692AFB85790034D3A1 /* ExploreView.swift in Sources */,
			);
			runOnlyForDeploymentPostprocessing = 0;
		};
		503C13442AFB83030034D3A1 /* Sources */ = {
			isa = PBXSourcesBuildPhase;
			buildActionMask = 2147483647;
			files = (
				503C134D2AFB83030034D3A1 /* LogementTests.swift in Sources */,
			);
			runOnlyForDeploymentPostprocessing = 0;
		};
		503C134E2AFB83030034D3A1 /* Sources */ = {
			isa = PBXSourcesBuildPhase;
			buildActionMask = 2147483647;
			files = (
				503C13592AFB83030034D3A1 /* LogementUITestsLaunchTests.swift in Sources */,
				503C13572AFB83030034D3A1 /* LogementUITests.swift in Sources */,
			);
			runOnlyForDeploymentPostprocessing = 0;
		};
/* End PBXSourcesBuildPhase section */

/* Begin PBXTargetDependency section */
		503C134A2AFB83030034D3A1 /* PBXTargetDependency */ = {
			isa = PBXTargetDependency;
			target = 503C13322AFB83010034D3A1 /* Logement */;
			targetProxy = 503C13492AFB83030034D3A1 /* PBXContainerItemProxy */;
		};
		503C13542AFB83030034D3A1 /* PBXTargetDependency */ = {
			isa = PBXTargetDependency;
			target = 503C13322AFB83010034D3A1 /* Logement */;
			targetProxy = 503C13532AFB83030034D3A1 /* PBXContainerItemProxy */;
		};
/* End PBXTargetDependency section */

/* Begin XCBuildConfiguration section */
		503C135A2AFB83030034D3A1 /* Debug */ = {
			isa = XCBuildConfiguration;
			buildSettings = {
				ALWAYS_SEARCH_USER_PATHS = NO;
				CLANG_ANALYZER_NONNULL = YES;
				CLANG_ANALYZER_NUMBER_OBJECT_CONVERSION = YES_AGGRESSIVE;
				CLANG_CXX_LANGUAGE_STANDARD = "gnu++20";
				CLANG_ENABLE_MODULES = YES;
				CLANG_ENABLE_OBJC_ARC = YES;
				CLANG_ENABLE_OBJC_WEAK = YES;
				CLANG_WARN_BLOCK_CAPTURE_AUTORELEASING = YES;
				CLANG_WARN_BOOL_CONVERSION = YES;
				CLANG_WARN_COMMA = YES;
				CLANG_WARN_CONSTANT_CONVERSION = YES;
				CLANG_WARN_DEPRECATED_OBJC_IMPLEMENTATIONS = YES;
				CLANG_WARN_DIRECT_OBJC_ISA_USAGE = YES_ERROR;
				CLANG_WARN_DOCUMENTATION_COMMENTS = YES;
				CLANG_WARN_EMPTY_BODY = YES;
				CLANG_WARN_ENUM_CONVERSION = YES;
				CLANG_WARN_INFINITE_RECURSION = YES;
				CLANG_WARN_INT_CONVERSION = YES;
				CLANG_WARN_NON_LITERAL_NULL_CONVERSION = YES;
				CLANG_WARN_OBJC_IMPLICIT_RETAIN_SELF = YES;
				CLANG_WARN_OBJC_LITERAL_CONVERSION = YES;
				CLANG_WARN_OBJC_ROOT_CLASS = YES_ERROR;
				CLANG_WARN_QUOTED_INCLUDE_IN_FRAMEWORK_HEADER = YES;
				CLANG_WARN_RANGE_LOOP_ANALYSIS = YES;
				CLANG_WARN_STRICT_PROTOTYPES = YES;
				CLANG_WARN_SUSPICIOUS_MOVE = YES;
				CLANG_WARN_UNGUARDED_AVAILABILITY = YES_AGGRESSIVE;
				CLANG_WARN_UNREACHABLE_CODE = YES;
				CLANG_WARN__DUPLICATE_METHOD_MATCH = YES;
				COPY_PHASE_STRIP = NO;
				DEBUG_INFORMATION_FORMAT = dwarf;
				ENABLE_STRICT_OBJC_MSGSEND = YES;
				ENABLE_TESTABILITY = YES;
				GCC_C_LANGUAGE_STANDARD = gnu11;
				GCC_DYNAMIC_NO_PIC = NO;
				GCC_NO_COMMON_BLOCKS = YES;
				GCC_OPTIMIZATION_LEVEL = 0;
				GCC_PREPROCESSOR_DEFINITIONS = (
					"DEBUG=1",
					"$(inherited)",
				);
				GCC_WARN_64_TO_32_BIT_CONVERSION = YES;
				GCC_WARN_ABOUT_RETURN_TYPE = YES_ERROR;
				GCC_WARN_UNDECLARED_SELECTOR = YES;
				GCC_WARN_UNINITIALIZED_AUTOS = YES_AGGRESSIVE;
				GCC_WARN_UNUSED_FUNCTION = YES;
				GCC_WARN_UNUSED_VARIABLE = YES;
				IPHONEOS_DEPLOYMENT_TARGET = 16.1;
				MTL_ENABLE_DEBUG_INFO = INCLUDE_SOURCE;
				MTL_FAST_MATH = YES;
				ONLY_ACTIVE_ARCH = YES;
				SDKROOT = iphoneos;
				SWIFT_ACTIVE_COMPILATION_CONDITIONS = DEBUG;
				SWIFT_OPTIMIZATION_LEVEL = "-Onone";
			};
			name = Debug;
		};
		503C135B2AFB83030034D3A1 /* Release */ = {
			isa = XCBuildConfiguration;
			buildSettings = {
				ALWAYS_SEARCH_USER_PATHS = NO;
				CLANG_ANALYZER_NONNULL = YES;
				CLANG_ANALYZER_NUMBER_OBJECT_CONVERSION = YES_AGGRESSIVE;
				CLANG_CXX_LANGUAGE_STANDARD = "gnu++20";
				CLANG_ENABLE_MODULES = YES;
				CLANG_ENABLE_OBJC_ARC = YES;
				CLANG_ENABLE_OBJC_WEAK = YES;
				CLANG_WARN_BLOCK_CAPTURE_AUTORELEASING = YES;
				CLANG_WARN_BOOL_CONVERSION = YES;
				CLANG_WARN_COMMA = YES;
				CLANG_WARN_CONSTANT_CONVERSION = YES;
				CLANG_WARN_DEPRECATED_OBJC_IMPLEMENTATIONS = YES;
				CLANG_WARN_DIRECT_OBJC_ISA_USAGE = YES_ERROR;
				CLANG_WARN_DOCUMENTATION_COMMENTS = YES;
				CLANG_WARN_EMPTY_BODY = YES;
				CLANG_WARN_ENUM_CONVERSION = YES;
				CLANG_WARN_INFINITE_RECURSION = YES;
				CLANG_WARN_INT_CONVERSION = YES;
				CLANG_WARN_NON_LITERAL_NULL_CONVERSION = YES;
				CLANG_WARN_OBJC_IMPLICIT_RETAIN_SELF = YES;
				CLANG_WARN_OBJC_LITERAL_CONVERSION = YES;
				CLANG_WARN_OBJC_ROOT_CLASS = YES_ERROR;
				CLANG_WARN_QUOTED_INCLUDE_IN_FRAMEWORK_HEADER = YES;
				CLANG_WARN_RANGE_LOOP_ANALYSIS = YES;
				CLANG_WARN_STRICT_PROTOTYPES = YES;
				CLANG_WARN_SUSPICIOUS_MOVE = YES;
				CLANG_WARN_UNGUARDED_AVAILABILITY = YES_AGGRESSIVE;
				CLANG_WARN_UNREACHABLE_CODE = YES;
				CLANG_WARN__DUPLICATE_METHOD_MATCH = YES;
				COPY_PHASE_STRIP = NO;
				DEBUG_INFORMATION_FORMAT = "dwarf-with-dsym";
				ENABLE_NS_ASSERTIONS = NO;
				ENABLE_STRICT_OBJC_MSGSEND = YES;
				GCC_C_LANGUAGE_STANDARD = gnu11;
				GCC_NO_COMMON_BLOCKS = YES;
				GCC_WARN_64_TO_32_BIT_CONVERSION = YES;
				GCC_WARN_ABOUT_RETURN_TYPE = YES_ERROR;
				GCC_WARN_UNDECLARED_SELECTOR = YES;
				GCC_WARN_UNINITIALIZED_AUTOS = YES_AGGRESSIVE;
				GCC_WARN_UNUSED_FUNCTION = YES;
				GCC_WARN_UNUSED_VARIABLE = YES;
				IPHONEOS_DEPLOYMENT_TARGET = 16.1;
				MTL_ENABLE_DEBUG_INFO = NO;
				MTL_FAST_MATH = YES;
				SDKROOT = iphoneos;
				SWIFT_COMPILATION_MODE = wholemodule;
				SWIFT_OPTIMIZATION_LEVEL = "-O";
				VALIDATE_PRODUCT = YES;
			};
			name = Release;
		};
		503C135D2AFB83030034D3A1 /* Debug */ = {
			isa = XCBuildConfiguration;
			buildSettings = {
				ASSETCATALOG_COMPILER_APPICON_NAME = AppIcon;
				ASSETCATALOG_COMPILER_GLOBAL_ACCENT_COLOR_NAME = AccentColor;
				CODE_SIGN_STYLE = Automatic;
				CURRENT_PROJECT_VERSION = 1;
				DEVELOPMENT_ASSET_PATHS = "\"Logement/Preview Content\"";
				ENABLE_PREVIEWS = YES;
				GENERATE_INFOPLIST_FILE = YES;
				INFOPLIST_KEY_UIApplicationSceneManifest_Generation = YES;
				INFOPLIST_KEY_UIApplicationSupportsIndirectInputEvents = YES;
				INFOPLIST_KEY_UILaunchScreen_Generation = YES;
				INFOPLIST_KEY_UISupportedInterfaceOrientations_iPad = "UIInterfaceOrientationPortrait UIInterfaceOrientationPortraitUpsideDown UIInterfaceOrientationLandscapeLeft UIInterfaceOrientationLandscapeRight";
				INFOPLIST_KEY_UISupportedInterfaceOrientations_iPhone = "UIInterfaceOrientationPortrait UIInterfaceOrientationLandscapeLeft UIInterfaceOrientationLandscapeRight";
				LD_RUNPATH_SEARCH_PATHS = (
					"$(inherited)",
					"@executable_path/Frameworks",
				);
				MARKETING_VERSION = 1.0;
				PRODUCT_BUNDLE_IDENTIFIER = Esprit.Logement;
				PRODUCT_NAME = "$(TARGET_NAME)";
				SWIFT_EMIT_LOC_STRINGS = YES;
				SWIFT_VERSION = 5.0;
				TARGETED_DEVICE_FAMILY = "1,2";
			};
			name = Debug;
		};
		503C135E2AFB83030034D3A1 /* Release */ = {
			isa = XCBuildConfiguration;
			buildSettings = {
				ASSETCATALOG_COMPILER_APPICON_NAME = AppIcon;
				ASSETCATALOG_COMPILER_GLOBAL_ACCENT_COLOR_NAME = AccentColor;
				CODE_SIGN_STYLE = Automatic;
				CURRENT_PROJECT_VERSION = 1;
				DEVELOPMENT_ASSET_PATHS = "\"Logement/Preview Content\"";
				ENABLE_PREVIEWS = YES;
				GENERATE_INFOPLIST_FILE = YES;
				INFOPLIST_KEY_UIApplicationSceneManifest_Generation = YES;
				INFOPLIST_KEY_UIApplicationSupportsIndirectInputEvents = YES;
				INFOPLIST_KEY_UILaunchScreen_Generation = YES;
				INFOPLIST_KEY_UISupportedInterfaceOrientations_iPad = "UIInterfaceOrientationPortrait UIInterfaceOrientationPortraitUpsideDown UIInterfaceOrientationLandscapeLeft UIInterfaceOrientationLandscapeRight";
				INFOPLIST_KEY_UISupportedInterfaceOrientations_iPhone = "UIInterfaceOrientationPortrait UIInterfaceOrientationLandscapeLeft UIInterfaceOrientationLandscapeRight";
				LD_RUNPATH_SEARCH_PATHS = (
					"$(inherited)",
					"@executable_path/Frameworks",
				);
				MARKETING_VERSION = 1.0;
				PRODUCT_BUNDLE_IDENTIFIER = Esprit.Logement;
				PRODUCT_NAME = "$(TARGET_NAME)";
				SWIFT_EMIT_LOC_STRINGS = YES;
				SWIFT_VERSION = 5.0;
				TARGETED_DEVICE_FAMILY = "1,2";
			};
			name = Release;
		};
		503C13602AFB83030034D3A1 /* Debug */ = {
			isa = XCBuildConfiguration;
			buildSettings = {
				ALWAYS_EMBED_SWIFT_STANDARD_LIBRARIES = YES;
				BUNDLE_LOADER = "$(TEST_HOST)";
				CODE_SIGN_STYLE = Automatic;
				CURRENT_PROJECT_VERSION = 1;
				GENERATE_INFOPLIST_FILE = YES;
				IPHONEOS_DEPLOYMENT_TARGET = 16.1;
				MARKETING_VERSION = 1.0;
				PRODUCT_BUNDLE_IDENTIFIER = Esprit.LogementTests;
				PRODUCT_NAME = "$(TARGET_NAME)";
				SWIFT_EMIT_LOC_STRINGS = NO;
				SWIFT_VERSION = 5.0;
				TARGETED_DEVICE_FAMILY = "1,2";
				TEST_HOST = "$(BUILT_PRODUCTS_DIR)/Logement.app/$(BUNDLE_EXECUTABLE_FOLDER_PATH)/Logement";
			};
			name = Debug;
		};
		503C13612AFB83030034D3A1 /* Release */ = {
			isa = XCBuildConfiguration;
			buildSettings = {
				ALWAYS_EMBED_SWIFT_STANDARD_LIBRARIES = YES;
				BUNDLE_LOADER = "$(TEST_HOST)";
				CODE_SIGN_STYLE = Automatic;
				CURRENT_PROJECT_VERSION = 1;
				GENERATE_INFOPLIST_FILE = YES;
				IPHONEOS_DEPLOYMENT_TARGET = 16.1;
				MARKETING_VERSION = 1.0;
				PRODUCT_BUNDLE_IDENTIFIER = Esprit.LogementTests;
				PRODUCT_NAME = "$(TARGET_NAME)";
				SWIFT_EMIT_LOC_STRINGS = NO;
				SWIFT_VERSION = 5.0;
				TARGETED_DEVICE_FAMILY = "1,2";
				TEST_HOST = "$(BUILT_PRODUCTS_DIR)/Logement.app/$(BUNDLE_EXECUTABLE_FOLDER_PATH)/Logement";
			};
			name = Release;
		};
		503C13632AFB83030034D3A1 /* Debug */ = {
			isa = XCBuildConfiguration;
			buildSettings = {
				ALWAYS_EMBED_SWIFT_STANDARD_LIBRARIES = YES;
				CODE_SIGN_STYLE = Automatic;
				CURRENT_PROJECT_VERSION = 1;
				GENERATE_INFOPLIST_FILE = YES;
				MARKETING_VERSION = 1.0;
				PRODUCT_BUNDLE_IDENTIFIER = Esprit.LogementUITests;
				PRODUCT_NAME = "$(TARGET_NAME)";
				SWIFT_EMIT_LOC_STRINGS = NO;
				SWIFT_VERSION = 5.0;
				TARGETED_DEVICE_FAMILY = "1,2";
				TEST_TARGET_NAME = Logement;
			};
			name = Debug;
		};
		503C13642AFB83030034D3A1 /* Release */ = {
			isa = XCBuildConfiguration;
			buildSettings = {
				ALWAYS_EMBED_SWIFT_STANDARD_LIBRARIES = YES;
				CODE_SIGN_STYLE = Automatic;
				CURRENT_PROJECT_VERSION = 1;
				GENERATE_INFOPLIST_FILE = YES;
				MARKETING_VERSION = 1.0;
				PRODUCT_BUNDLE_IDENTIFIER = Esprit.LogementUITests;
				PRODUCT_NAME = "$(TARGET_NAME)";
				SWIFT_EMIT_LOC_STRINGS = NO;
				SWIFT_VERSION = 5.0;
				TARGETED_DEVICE_FAMILY = "1,2";
				TEST_TARGET_NAME = Logement;
			};
			name = Release;
		};
/* End XCBuildConfiguration section */

/* Begin XCConfigurationList section */
		503C132E2AFB83010034D3A1 /* Build configuration list for PBXProject "Logement" */ = {
			isa = XCConfigurationList;
			buildConfigurations = (
				503C135A2AFB83030034D3A1 /* Debug */,
				503C135B2AFB83030034D3A1 /* Release */,
			);
			defaultConfigurationIsVisible = 0;
			defaultConfigurationName = Release;
		};
		503C135C2AFB83030034D3A1 /* Build configuration list for PBXNativeTarget "Logement" */ = {
			isa = XCConfigurationList;
			buildConfigurations = (
				503C135D2AFB83030034D3A1 /* Debug */,
				503C135E2AFB83030034D3A1 /* Release */,
			);
			defaultConfigurationIsVisible = 0;
			defaultConfigurationName = Release;
		};
		503C135F2AFB83030034D3A1 /* Build configuration list for PBXNativeTarget "LogementTests" */ = {
			isa = XCConfigurationList;
			buildConfigurations = (
				503C13602AFB83030034D3A1 /* Debug */,
				503C13612AFB83030034D3A1 /* Release */,
			);
			defaultConfigurationIsVisible = 0;
			defaultConfigurationName = Release;
		};
		503C13622AFB83030034D3A1 /* Build configuration list for PBXNativeTarget "LogementUITests" */ = {
			isa = XCConfigurationList;
			buildConfigurations = (
				503C13632AFB83030034D3A1 /* Debug */,
				503C13642AFB83030034D3A1 /* Release */,
			);
			defaultConfigurationIsVisible = 0;
			defaultConfigurationName = Release;
		};
/* End XCConfigurationList section */

/* Begin XCVersionGroup section */
		503C13412AFB83020034D3A1 /* Logement.xcdatamodeld */ = {
			isa = XCVersionGroup;
			children = (
				503C13422AFB83020034D3A1 /* Logement.xcdatamodel */,
			);
			currentVersion = 503C13422AFB83020034D3A1 /* Logement.xcdatamodel */;
			path = Logement.xcdatamodeld;
			sourceTree = "<group>";
			versionGroupType = wrapper.xcdatamodel;
		};
/* End XCVersionGroup section */
	};
	rootObject = 503C132B2AFB83010034D3A1 /* Project object */;
}
